// !$*UTF8*$!
{
	archiveVersion = 1;
	classes = {
	};
	objectVersion = 50;
	objects = {

/* Begin PBXBuildFile section */
		214F38895401B9AA3C85076A /* Pods_it_events_byTests.framework in Frameworks */ = {isa = PBXBuildFile; fileRef = 3AF2986B39F269FCB6E96210 /* Pods_it_events_byTests.framework */; };
		98CC726B53212A56F91824C4 /* Pods_it_events_by.framework in Frameworks */ = {isa = PBXBuildFile; fileRef = DF0D7B12C273BE80DC7F3BBE /* Pods_it_events_by.framework */; };
		A39CBC172257E874004C6A95 /* AppDelegate.swift in Sources */ = {isa = PBXBuildFile; fileRef = A39CBC162257E874004C6A95 /* AppDelegate.swift */; };
		A39CBC192257E874004C6A95 /* ViewController.swift in Sources */ = {isa = PBXBuildFile; fileRef = A39CBC182257E874004C6A95 /* ViewController.swift */; };
		A39CBC1C2257E874004C6A95 /* Main.storyboard in Resources */ = {isa = PBXBuildFile; fileRef = A39CBC1A2257E874004C6A95 /* Main.storyboard */; };
		A39CBC1E2257E875004C6A95 /* Images.xcassets in Resources */ = {isa = PBXBuildFile; fileRef = A39CBC1D2257E875004C6A95 /* Images.xcassets */; };
		A39CBC212257E875004C6A95 /* LaunchScreen.storyboard in Resources */ = {isa = PBXBuildFile; fileRef = A39CBC1F2257E875004C6A95 /* LaunchScreen.storyboard */; };
		A39CBC2C2257E875004C6A95 /* it_events_byTests.swift in Sources */ = {isa = PBXBuildFile; fileRef = A39CBC2B2257E875004C6A95 /* it_events_byTests.swift */; };
		A39CBC3D2257EDB7004C6A95 /* Colors.xcassets in Resources */ = {isa = PBXBuildFile; fileRef = A39CBC3C2257EDB7004C6A95 /* Colors.xcassets */; };
		A3C6C5842257FFB300F17264 /* Localizable.strings in Resources */ = {isa = PBXBuildFile; fileRef = A3C6C5862257FFB300F17264 /* Localizable.strings */; };
/* End PBXBuildFile section */

/* Begin PBXContainerItemProxy section */
		A39CBC282257E875004C6A95 /* PBXContainerItemProxy */ = {
			isa = PBXContainerItemProxy;
			containerPortal = A39CBC0B2257E874004C6A95 /* Project object */;
			proxyType = 1;
			remoteGlobalIDString = A39CBC122257E874004C6A95;
			remoteInfo = "it-events-by";
		};
/* End PBXContainerItemProxy section */

/* Begin PBXFileReference section */
		3AF2986B39F269FCB6E96210 /* Pods_it_events_byTests.framework */ = {isa = PBXFileReference; explicitFileType = wrapper.framework; includeInIndex = 0; path = Pods_it_events_byTests.framework; sourceTree = BUILT_PRODUCTS_DIR; };
		A3941BF03ABAB3689542AC71 /* Pods-it-events-by.debug.xcconfig */ = {isa = PBXFileReference; includeInIndex = 1; lastKnownFileType = text.xcconfig; name = "Pods-it-events-by.debug.xcconfig"; path = "Pods/Target Support Files/Pods-it-events-by/Pods-it-events-by.debug.xcconfig"; sourceTree = "<group>"; };
		A39CBC132257E874004C6A95 /* it-events-by.app */ = {isa = PBXFileReference; explicitFileType = wrapper.application; includeInIndex = 0; path = "it-events-by.app"; sourceTree = BUILT_PRODUCTS_DIR; };
		A39CBC162257E874004C6A95 /* AppDelegate.swift */ = {isa = PBXFileReference; lastKnownFileType = sourcecode.swift; path = AppDelegate.swift; sourceTree = "<group>"; };
		A39CBC182257E874004C6A95 /* ViewController.swift */ = {isa = PBXFileReference; lastKnownFileType = sourcecode.swift; path = ViewController.swift; sourceTree = "<group>"; };
		A39CBC1B2257E874004C6A95 /* Base */ = {isa = PBXFileReference; lastKnownFileType = file.storyboard; name = Base; path = Base.lproj/Main.storyboard; sourceTree = "<group>"; };
		A39CBC1D2257E875004C6A95 /* Images.xcassets */ = {isa = PBXFileReference; lastKnownFileType = folder.assetcatalog; path = Images.xcassets; sourceTree = "<group>"; };
		A39CBC202257E875004C6A95 /* Base */ = {isa = PBXFileReference; lastKnownFileType = file.storyboard; name = Base; path = Base.lproj/LaunchScreen.storyboard; sourceTree = "<group>"; };
		A39CBC222257E875004C6A95 /* Info.plist */ = {isa = PBXFileReference; lastKnownFileType = text.plist.xml; path = Info.plist; sourceTree = "<group>"; };
		A39CBC272257E875004C6A95 /* it-events-byTests.xctest */ = {isa = PBXFileReference; explicitFileType = wrapper.cfbundle; includeInIndex = 0; path = "it-events-byTests.xctest"; sourceTree = BUILT_PRODUCTS_DIR; };
		A39CBC2B2257E875004C6A95 /* it_events_byTests.swift */ = {isa = PBXFileReference; lastKnownFileType = sourcecode.swift; path = it_events_byTests.swift; sourceTree = "<group>"; };
		A39CBC2D2257E875004C6A95 /* Info.plist */ = {isa = PBXFileReference; lastKnownFileType = text.plist.xml; path = Info.plist; sourceTree = "<group>"; };
		A39CBC3C2257EDB7004C6A95 /* Colors.xcassets */ = {isa = PBXFileReference; lastKnownFileType = folder.assetcatalog; path = Colors.xcassets; sourceTree = "<group>"; };
		A3C6C5812257FF7C00F17264 /* ru */ = {isa = PBXFileReference; lastKnownFileType = text.plist.strings; name = ru; path = ru.lproj/LaunchScreen.strings; sourceTree = "<group>"; };
		A3C6C5852257FFB300F17264 /* ru */ = {isa = PBXFileReference; lastKnownFileType = text.plist.strings; name = ru; path = ru.lproj/Localizable.strings; sourceTree = "<group>"; };
		A3C6C5872257FFB700F17264 /* en */ = {isa = PBXFileReference; lastKnownFileType = text.plist.strings; name = en; path = en.lproj/Localizable.strings; sourceTree = "<group>"; };
		D56D701ADA8BDB4069A4BD29 /* Pods-it-events-by.release.xcconfig */ = {isa = PBXFileReference; includeInIndex = 1; lastKnownFileType = text.xcconfig; name = "Pods-it-events-by.release.xcconfig"; path = "Pods/Target Support Files/Pods-it-events-by/Pods-it-events-by.release.xcconfig"; sourceTree = "<group>"; };
		DE13FBDE89016F733D118737 /* Pods-it-events-byTests.debug.xcconfig */ = {isa = PBXFileReference; includeInIndex = 1; lastKnownFileType = text.xcconfig; name = "Pods-it-events-byTests.debug.xcconfig"; path = "Pods/Target Support Files/Pods-it-events-byTests/Pods-it-events-byTests.debug.xcconfig"; sourceTree = "<group>"; };
		DF0D7B12C273BE80DC7F3BBE /* Pods_it_events_by.framework */ = {isa = PBXFileReference; explicitFileType = wrapper.framework; includeInIndex = 0; path = Pods_it_events_by.framework; sourceTree = BUILT_PRODUCTS_DIR; };
		ED99F3D536135873E380C4A4 /* Pods-it-events-byTests.release.xcconfig */ = {isa = PBXFileReference; includeInIndex = 1; lastKnownFileType = text.xcconfig; name = "Pods-it-events-byTests.release.xcconfig"; path = "Pods/Target Support Files/Pods-it-events-byTests/Pods-it-events-byTests.release.xcconfig"; sourceTree = "<group>"; };
/* End PBXFileReference section */

/* Begin PBXFrameworksBuildPhase section */
		A39CBC102257E874004C6A95 /* Frameworks */ = {
			isa = PBXFrameworksBuildPhase;
			buildActionMask = 2147483647;
			files = (
				98CC726B53212A56F91824C4 /* Pods_it_events_by.framework in Frameworks */,
			);
			runOnlyForDeploymentPostprocessing = 0;
		};
		A39CBC242257E875004C6A95 /* Frameworks */ = {
			isa = PBXFrameworksBuildPhase;
			buildActionMask = 2147483647;
			files = (
				214F38895401B9AA3C85076A /* Pods_it_events_byTests.framework in Frameworks */,
			);
			runOnlyForDeploymentPostprocessing = 0;
		};
/* End PBXFrameworksBuildPhase section */

/* Begin PBXGroup section */
		6ED986BEF2D474056CC53C36 /* Frameworks */ = {
			isa = PBXGroup;
			children = (
				DF0D7B12C273BE80DC7F3BBE /* Pods_it_events_by.framework */,
				3AF2986B39F269FCB6E96210 /* Pods_it_events_byTests.framework */,
			);
			name = Frameworks;
			sourceTree = "<group>";
		};
		A39CBC0A2257E874004C6A95 = {
			isa = PBXGroup;
			children = (
				A39CBC152257E874004C6A95 /* it-events-by */,
				A39CBC2A2257E875004C6A95 /* it-events-byTests */,
				A39CBC142257E874004C6A95 /* Products */,
				D0C6A3B88EA8A654FBAFCD20 /* Pods */,
				6ED986BEF2D474056CC53C36 /* Frameworks */,
			);
			sourceTree = "<group>";
		};
		A39CBC142257E874004C6A95 /* Products */ = {
			isa = PBXGroup;
			children = (
				A39CBC132257E874004C6A95 /* it-events-by.app */,
				A39CBC272257E875004C6A95 /* it-events-byTests.xctest */,
			);
			name = Products;
			sourceTree = "<group>";
		};
		A39CBC152257E874004C6A95 /* it-events-by */ = {
			isa = PBXGroup;
			children = (
				A3C6C5882258096200F17264 /* classes */,
				A39CBC392257ED95004C6A95 /* resources */,
				A39CBC382257ED82004C6A95 /* generated */,
				A39CBC162257E874004C6A95 /* AppDelegate.swift */,
				A39CBC182257E874004C6A95 /* ViewController.swift */,
				A39CBC1A2257E874004C6A95 /* Main.storyboard */,
				A39CBC1F2257E875004C6A95 /* LaunchScreen.storyboard */,
				A39CBC222257E875004C6A95 /* Info.plist */,
			);
			path = "it-events-by";
			sourceTree = "<group>";
		};
		A39CBC2A2257E875004C6A95 /* it-events-byTests */ = {
			isa = PBXGroup;
			children = (
				A39CBC2B2257E875004C6A95 /* it_events_byTests.swift */,
				A39CBC2D2257E875004C6A95 /* Info.plist */,
			);
			path = "it-events-byTests";
			sourceTree = "<group>";
		};
		A39CBC382257ED82004C6A95 /* generated */ = {
			isa = PBXGroup;
			children = (
			);
			path = generated;
			sourceTree = "<group>";
		};
		A39CBC392257ED95004C6A95 /* resources */ = {
			isa = PBXGroup;
			children = (
				A39CBC3B2257EDA3004C6A95 /* images */,
				A39CBC3A2257ED9E004C6A95 /* colors */,
				A3C6C5862257FFB300F17264 /* Localizable.strings */,
			);
			path = resources;
			sourceTree = "<group>";
		};
		A39CBC3A2257ED9E004C6A95 /* colors */ = {
			isa = PBXGroup;
			children = (
				A39CBC3C2257EDB7004C6A95 /* Colors.xcassets */,
			);
			path = colors;
			sourceTree = "<group>";
		};
		A39CBC3B2257EDA3004C6A95 /* images */ = {
			isa = PBXGroup;
			children = (
				A39CBC1D2257E875004C6A95 /* Images.xcassets */,
			);
			path = images;
			sourceTree = "<group>";
		};
		A3C6C5882258096200F17264 /* classes */ = {
			isa = PBXGroup;
			children = (
			);
			path = classes;
			sourceTree = "<group>";
		};
		D0C6A3B88EA8A654FBAFCD20 /* Pods */ = {
			isa = PBXGroup;
			children = (
				A3941BF03ABAB3689542AC71 /* Pods-it-events-by.debug.xcconfig */,
				D56D701ADA8BDB4069A4BD29 /* Pods-it-events-by.release.xcconfig */,
				DE13FBDE89016F733D118737 /* Pods-it-events-byTests.debug.xcconfig */,
				ED99F3D536135873E380C4A4 /* Pods-it-events-byTests.release.xcconfig */,
			);
			name = Pods;
			sourceTree = "<group>";
		};
/* End PBXGroup section */

/* Begin PBXNativeTarget section */
		A39CBC122257E874004C6A95 /* it-events-by */ = {
			isa = PBXNativeTarget;
			buildConfigurationList = A39CBC302257E875004C6A95 /* Build configuration list for PBXNativeTarget "it-events-by" */;
			buildPhases = (
				5C9467FC0557F2B7483D3C76 /* [CP] Check Pods Manifest.lock */,
				A39CBC0F2257E874004C6A95 /* Sources */,
				A39CBC102257E874004C6A95 /* Frameworks */,
				A39CBC112257E874004C6A95 /* Resources */,
				937192264F6592BCEC74BBCC /* [CP] Embed Pods Frameworks */,
				A39CBC362257ECEE004C6A95 /* SwiftLint */,
				A39CBC372257ED08004C6A95 /* SwiftGen */,
			);
			buildRules = (
			);
			dependencies = (
			);
			name = "it-events-by";
			productName = "it-events-by";
			productReference = A39CBC132257E874004C6A95 /* it-events-by.app */;
			productType = "com.apple.product-type.application";
		};
		A39CBC262257E875004C6A95 /* it-events-byTests */ = {
			isa = PBXNativeTarget;
			buildConfigurationList = A39CBC332257E875004C6A95 /* Build configuration list for PBXNativeTarget "it-events-byTests" */;
			buildPhases = (
				B2CFA715ECEF3951D5FB69C1 /* [CP] Check Pods Manifest.lock */,
				A39CBC232257E875004C6A95 /* Sources */,
				A39CBC242257E875004C6A95 /* Frameworks */,
				A39CBC252257E875004C6A95 /* Resources */,
			);
			buildRules = (
			);
			dependencies = (
				A39CBC292257E875004C6A95 /* PBXTargetDependency */,
			);
			name = "it-events-byTests";
			productName = "it-events-byTests";
			productReference = A39CBC272257E875004C6A95 /* it-events-byTests.xctest */;
			productType = "com.apple.product-type.bundle.unit-test";
		};
/* End PBXNativeTarget section */

/* Begin PBXProject section */
		A39CBC0B2257E874004C6A95 /* Project object */ = {
			isa = PBXProject;
			attributes = {
				LastSwiftUpdateCheck = 1010;
				LastUpgradeCheck = 1010;
				ORGANIZATIONNAME = "Alexander Tereshkov";
				TargetAttributes = {
					A39CBC122257E874004C6A95 = {
						CreatedOnToolsVersion = 10.1;
					};
					A39CBC262257E875004C6A95 = {
						CreatedOnToolsVersion = 10.1;
						TestTargetID = A39CBC122257E874004C6A95;
					};
				};
			};
			buildConfigurationList = A39CBC0E2257E874004C6A95 /* Build configuration list for PBXProject "it-events-by" */;
			compatibilityVersion = "Xcode 9.3";
			developmentRegion = en;
			hasScannedForEncodings = 0;
			knownRegions = (
				en,
				Base,
				ru,
			);
			mainGroup = A39CBC0A2257E874004C6A95;
			productRefGroup = A39CBC142257E874004C6A95 /* Products */;
			projectDirPath = "";
			projectRoot = "";
			targets = (
				A39CBC122257E874004C6A95 /* it-events-by */,
				A39CBC262257E875004C6A95 /* it-events-byTests */,
			);
		};
/* End PBXProject section */

/* Begin PBXResourcesBuildPhase section */
		A39CBC112257E874004C6A95 /* Resources */ = {
			isa = PBXResourcesBuildPhase;
			buildActionMask = 2147483647;
			files = (
				A3C6C5842257FFB300F17264 /* Localizable.strings in Resources */,
				A39CBC212257E875004C6A95 /* LaunchScreen.storyboard in Resources */,
				A39CBC3D2257EDB7004C6A95 /* Colors.xcassets in Resources */,
				A39CBC1E2257E875004C6A95 /* Images.xcassets in Resources */,
				A39CBC1C2257E874004C6A95 /* Main.storyboard in Resources */,
			);
			runOnlyForDeploymentPostprocessing = 0;
		};
		A39CBC252257E875004C6A95 /* Resources */ = {
			isa = PBXResourcesBuildPhase;
			buildActionMask = 2147483647;
			files = (
			);
			runOnlyForDeploymentPostprocessing = 0;
		};
/* End PBXResourcesBuildPhase section */

/* Begin PBXShellScriptBuildPhase section */
		5C9467FC0557F2B7483D3C76 /* [CP] Check Pods Manifest.lock */ = {
			isa = PBXShellScriptBuildPhase;
			buildActionMask = 2147483647;
			files = (
			);
			inputFileListPaths = (
			);
			inputPaths = (
				"${PODS_PODFILE_DIR_PATH}/Podfile.lock",
				"${PODS_ROOT}/Manifest.lock",
			);
			name = "[CP] Check Pods Manifest.lock";
			outputFileListPaths = (
			);
			outputPaths = (
				"$(DERIVED_FILE_DIR)/Pods-it-events-by-checkManifestLockResult.txt",
			);
			runOnlyForDeploymentPostprocessing = 0;
			shellPath = /bin/sh;
			shellScript = "diff \"${PODS_PODFILE_DIR_PATH}/Podfile.lock\" \"${PODS_ROOT}/Manifest.lock\" > /dev/null\nif [ $? != 0 ] ; then\n    # print error to STDERR\n    echo \"error: The sandbox is not in sync with the Podfile.lock. Run 'pod install' or update your CocoaPods installation.\" >&2\n    exit 1\nfi\n# This output is used by Xcode 'outputs' to avoid re-running this script phase.\necho \"SUCCESS\" > \"${SCRIPT_OUTPUT_FILE_0}\"\n";
			showEnvVarsInLog = 0;
		};
		937192264F6592BCEC74BBCC /* [CP] Embed Pods Frameworks */ = {
			isa = PBXShellScriptBuildPhase;
			buildActionMask = 2147483647;
			files = (
			);
			inputFileListPaths = (
			);
			inputPaths = (
				"${SRCROOT}/Pods/Target Support Files/Pods-it-events-by/Pods-it-events-by-frameworks.sh",
				"${BUILT_PRODUCTS_DIR}/Alamofire/Alamofire.framework",
				"${BUILT_PRODUCTS_DIR}/Kingfisher/Kingfisher.framework",
				"${BUILT_PRODUCTS_DIR}/ReachabilitySwift/Reachability.framework",
				"${BUILT_PRODUCTS_DIR}/Swinject/Swinject.framework",
			);
			name = "[CP] Embed Pods Frameworks";
			outputFileListPaths = (
			);
			outputPaths = (
				"${TARGET_BUILD_DIR}/${FRAMEWORKS_FOLDER_PATH}/Alamofire.framework",
				"${TARGET_BUILD_DIR}/${FRAMEWORKS_FOLDER_PATH}/Kingfisher.framework",
				"${TARGET_BUILD_DIR}/${FRAMEWORKS_FOLDER_PATH}/Reachability.framework",
				"${TARGET_BUILD_DIR}/${FRAMEWORKS_FOLDER_PATH}/Swinject.framework",
			);
			runOnlyForDeploymentPostprocessing = 0;
			shellPath = /bin/sh;
			shellScript = "\"${SRCROOT}/Pods/Target Support Files/Pods-it-events-by/Pods-it-events-by-frameworks.sh\"\n";
			showEnvVarsInLog = 0;
		};
		A39CBC362257ECEE004C6A95 /* SwiftLint */ = {
			isa = PBXShellScriptBuildPhase;
			buildActionMask = 2147483647;
			files = (
			);
			inputFileListPaths = (
			);
			inputPaths = (
			);
			name = SwiftLint;
			outputFileListPaths = (
			);
			outputPaths = (
			);
			runOnlyForDeploymentPostprocessing = 0;
			shellPath = /bin/sh;
			shellScript = "if which swiftlint >/dev/null; then\n${PODS_ROOT}/SwiftLint/swiftlint\nelse echo \"warning: SwiftLint not installed, download from https://github.com/realm/SwiftLint\"\nfi\n";
		};
		A39CBC372257ED08004C6A95 /* SwiftGen */ = {
			isa = PBXShellScriptBuildPhase;
			buildActionMask = 2147483647;
			files = (
			);
			inputFileListPaths = (
			);
			inputPaths = (
			);
			name = SwiftGen;
			outputFileListPaths = (
			);
			outputPaths = (
			);
			runOnlyForDeploymentPostprocessing = 0;
			shellPath = /bin/sh;
			shellScript = "\"${PODS_ROOT}/SwiftGen/bin/swiftgen\"\n";
		};
		B2CFA715ECEF3951D5FB69C1 /* [CP] Check Pods Manifest.lock */ = {
			isa = PBXShellScriptBuildPhase;
			buildActionMask = 2147483647;
			files = (
			);
			inputFileListPaths = (
			);
			inputPaths = (
				"${PODS_PODFILE_DIR_PATH}/Podfile.lock",
				"${PODS_ROOT}/Manifest.lock",
			);
			name = "[CP] Check Pods Manifest.lock";
			outputFileListPaths = (
			);
			outputPaths = (
				"$(DERIVED_FILE_DIR)/Pods-it-events-byTests-checkManifestLockResult.txt",
			);
			runOnlyForDeploymentPostprocessing = 0;
			shellPath = /bin/sh;
			shellScript = "diff \"${PODS_PODFILE_DIR_PATH}/Podfile.lock\" \"${PODS_ROOT}/Manifest.lock\" > /dev/null\nif [ $? != 0 ] ; then\n    # print error to STDERR\n    echo \"error: The sandbox is not in sync with the Podfile.lock. Run 'pod install' or update your CocoaPods installation.\" >&2\n    exit 1\nfi\n# This output is used by Xcode 'outputs' to avoid re-running this script phase.\necho \"SUCCESS\" > \"${SCRIPT_OUTPUT_FILE_0}\"\n";
			showEnvVarsInLog = 0;
		};
/* End PBXShellScriptBuildPhase section */

/* Begin PBXSourcesBuildPhase section */
		A39CBC0F2257E874004C6A95 /* Sources */ = {
			isa = PBXSourcesBuildPhase;
			buildActionMask = 2147483647;
			files = (
				A39CBC192257E874004C6A95 /* ViewController.swift in Sources */,
				A39CBC172257E874004C6A95 /* AppDelegate.swift in Sources */,
			);
			runOnlyForDeploymentPostprocessing = 0;
		};
		A39CBC232257E875004C6A95 /* Sources */ = {
			isa = PBXSourcesBuildPhase;
			buildActionMask = 2147483647;
			files = (
				A39CBC2C2257E875004C6A95 /* it_events_byTests.swift in Sources */,
			);
			runOnlyForDeploymentPostprocessing = 0;
		};
/* End PBXSourcesBuildPhase section */

/* Begin PBXTargetDependency section */
		A39CBC292257E875004C6A95 /* PBXTargetDependency */ = {
			isa = PBXTargetDependency;
			target = A39CBC122257E874004C6A95 /* it-events-by */;
			targetProxy = A39CBC282257E875004C6A95 /* PBXContainerItemProxy */;
		};
/* End PBXTargetDependency section */

/* Begin PBXVariantGroup section */
		A39CBC1A2257E874004C6A95 /* Main.storyboard */ = {
			isa = PBXVariantGroup;
			children = (
				A39CBC1B2257E874004C6A95 /* Base */,
			);
			name = Main.storyboard;
			sourceTree = "<group>";
		};
		A39CBC1F2257E875004C6A95 /* LaunchScreen.storyboard */ = {
			isa = PBXVariantGroup;
			children = (
				A39CBC202257E875004C6A95 /* Base */,
				A3C6C5812257FF7C00F17264 /* ru */,
			);
			name = LaunchScreen.storyboard;
			sourceTree = "<group>";
		};
		A3C6C5862257FFB300F17264 /* Localizable.strings */ = {
			isa = PBXVariantGroup;
			children = (
				A3C6C5852257FFB300F17264 /* ru */,
				A3C6C5872257FFB700F17264 /* en */,
			);
			name = Localizable.strings;
			sourceTree = "<group>";
		};
/* End PBXVariantGroup section */

/* Begin XCBuildConfiguration section */
		A39CBC2E2257E875004C6A95 /* Debug */ = {
			isa = XCBuildConfiguration;
			buildSettings = {
				ALWAYS_SEARCH_USER_PATHS = NO;
				CLANG_ANALYZER_LOCALIZABILITY_NONLOCALIZED = YES;
				CLANG_ANALYZER_NONNULL = YES;
				CLANG_ANALYZER_NUMBER_OBJECT_CONVERSION = YES_AGGRESSIVE;
				CLANG_CXX_LANGUAGE_STANDARD = "gnu++14";
				CLANG_CXX_LIBRARY = "libc++";
				CLANG_ENABLE_MODULES = YES;
				CLANG_ENABLE_OBJC_ARC = YES;
				CLANG_ENABLE_OBJC_WEAK = YES;
				CLANG_WARN_BLOCK_CAPTURE_AUTORELEASING = YES;
				CLANG_WARN_BOOL_CONVERSION = YES;
				CLANG_WARN_COMMA = YES;
				CLANG_WARN_CONSTANT_CONVERSION = YES;
				CLANG_WARN_DEPRECATED_OBJC_IMPLEMENTATIONS = YES;
				CLANG_WARN_DIRECT_OBJC_ISA_USAGE = YES_ERROR;
				CLANG_WARN_DOCUMENTATION_COMMENTS = YES;
				CLANG_WARN_EMPTY_BODY = YES;
				CLANG_WARN_ENUM_CONVERSION = YES;
				CLANG_WARN_INFINITE_RECURSION = YES;
				CLANG_WARN_INT_CONVERSION = YES;
				CLANG_WARN_NON_LITERAL_NULL_CONVERSION = YES;
				CLANG_WARN_OBJC_IMPLICIT_RETAIN_SELF = YES;
				CLANG_WARN_OBJC_LITERAL_CONVERSION = YES;
				CLANG_WARN_OBJC_ROOT_CLASS = YES_ERROR;
				CLANG_WARN_RANGE_LOOP_ANALYSIS = YES;
				CLANG_WARN_STRICT_PROTOTYPES = YES;
				CLANG_WARN_SUSPICIOUS_MOVE = YES;
				CLANG_WARN_UNGUARDED_AVAILABILITY = YES_AGGRESSIVE;
				CLANG_WARN_UNREACHABLE_CODE = YES;
				CLANG_WARN__DUPLICATE_METHOD_MATCH = YES;
				CODE_SIGN_IDENTITY = "iPhone Developer";
				COPY_PHASE_STRIP = NO;
				DEBUG_INFORMATION_FORMAT = dwarf;
				ENABLE_STRICT_OBJC_MSGSEND = YES;
				ENABLE_TESTABILITY = YES;
				GCC_C_LANGUAGE_STANDARD = gnu11;
				GCC_DYNAMIC_NO_PIC = NO;
				GCC_NO_COMMON_BLOCKS = YES;
				GCC_OPTIMIZATION_LEVEL = 0;
				GCC_PREPROCESSOR_DEFINITIONS = (
					"DEBUG=1",
					"$(inherited)",
				);
				GCC_WARN_64_TO_32_BIT_CONVERSION = YES;
				GCC_WARN_ABOUT_RETURN_TYPE = YES_ERROR;
				GCC_WARN_UNDECLARED_SELECTOR = YES;
				GCC_WARN_UNINITIALIZED_AUTOS = YES_AGGRESSIVE;
				GCC_WARN_UNUSED_FUNCTION = YES;
				GCC_WARN_UNUSED_VARIABLE = YES;
				IPHONEOS_DEPLOYMENT_TARGET = 12.1;
				MTL_ENABLE_DEBUG_INFO = INCLUDE_SOURCE;
				MTL_FAST_MATH = YES;
				ONLY_ACTIVE_ARCH = YES;
				SDKROOT = iphoneos;
				SWIFT_ACTIVE_COMPILATION_CONDITIONS = DEBUG;
				SWIFT_OPTIMIZATION_LEVEL = "-Onone";
			};
			name = Debug;
		};
		A39CBC2F2257E875004C6A95 /* Release */ = {
			isa = XCBuildConfiguration;
			buildSettings = {
				ALWAYS_SEARCH_USER_PATHS = NO;
				CLANG_ANALYZER_LOCALIZABILITY_NONLOCALIZED = YES;
				CLANG_ANALYZER_NONNULL = YES;
				CLANG_ANALYZER_NUMBER_OBJECT_CONVERSION = YES_AGGRESSIVE;
				CLANG_CXX_LANGUAGE_STANDARD = "gnu++14";
				CLANG_CXX_LIBRARY = "libc++";
				CLANG_ENABLE_MODULES = YES;
				CLANG_ENABLE_OBJC_ARC = YES;
				CLANG_ENABLE_OBJC_WEAK = YES;
				CLANG_WARN_BLOCK_CAPTURE_AUTORELEASING = YES;
				CLANG_WARN_BOOL_CONVERSION = YES;
				CLANG_WARN_COMMA = YES;
				CLANG_WARN_CONSTANT_CONVERSION = YES;
				CLANG_WARN_DEPRECATED_OBJC_IMPLEMENTATIONS = YES;
				CLANG_WARN_DIRECT_OBJC_ISA_USAGE = YES_ERROR;
				CLANG_WARN_DOCUMENTATION_COMMENTS = YES;
				CLANG_WARN_EMPTY_BODY = YES;
				CLANG_WARN_ENUM_CONVERSION = YES;
				CLANG_WARN_INFINITE_RECURSION = YES;
				CLANG_WARN_INT_CONVERSION = YES;
				CLANG_WARN_NON_LITERAL_NULL_CONVERSION = YES;
				CLANG_WARN_OBJC_IMPLICIT_RETAIN_SELF = YES;
				CLANG_WARN_OBJC_LITERAL_CONVERSION = YES;
				CLANG_WARN_OBJC_ROOT_CLASS = YES_ERROR;
				CLANG_WARN_RANGE_LOOP_ANALYSIS = YES;
				CLANG_WARN_STRICT_PROTOTYPES = YES;
				CLANG_WARN_SUSPICIOUS_MOVE = YES;
				CLANG_WARN_UNGUARDED_AVAILABILITY = YES_AGGRESSIVE;
				CLANG_WARN_UNREACHABLE_CODE = YES;
				CLANG_WARN__DUPLICATE_METHOD_MATCH = YES;
				CODE_SIGN_IDENTITY = "iPhone Developer";
				COPY_PHASE_STRIP = NO;
				DEBUG_INFORMATION_FORMAT = "dwarf-with-dsym";
				ENABLE_NS_ASSERTIONS = NO;
				ENABLE_STRICT_OBJC_MSGSEND = YES;
				GCC_C_LANGUAGE_STANDARD = gnu11;
				GCC_NO_COMMON_BLOCKS = YES;
				GCC_WARN_64_TO_32_BIT_CONVERSION = YES;
				GCC_WARN_ABOUT_RETURN_TYPE = YES_ERROR;
				GCC_WARN_UNDECLARED_SELECTOR = YES;
				GCC_WARN_UNINITIALIZED_AUTOS = YES_AGGRESSIVE;
				GCC_WARN_UNUSED_FUNCTION = YES;
				GCC_WARN_UNUSED_VARIABLE = YES;
				IPHONEOS_DEPLOYMENT_TARGET = 12.1;
				MTL_ENABLE_DEBUG_INFO = NO;
				MTL_FAST_MATH = YES;
				SDKROOT = iphoneos;
				SWIFT_COMPILATION_MODE = wholemodule;
				SWIFT_OPTIMIZATION_LEVEL = "-O";
				VALIDATE_PRODUCT = YES;
			};
			name = Release;
		};
		A39CBC312257E875004C6A95 /* Debug */ = {
			isa = XCBuildConfiguration;
			baseConfigurationReference = A3941BF03ABAB3689542AC71 /* Pods-it-events-by.debug.xcconfig */;
			buildSettings = {
				ASSETCATALOG_COMPILER_APPICON_NAME = AppIcon;
				CODE_SIGN_STYLE = Automatic;
				DEVELOPMENT_TEAM = 8EF4CLU9HX;
				INFOPLIST_FILE = "it-events-by/Info.plist";
				LD_RUNPATH_SEARCH_PATHS = (
					"$(inherited)",
					"@executable_path/Frameworks",
				);
				PRODUCT_BUNDLE_IDENTIFIER = "at.it-events-by";
				PRODUCT_NAME = "$(TARGET_NAME)";
				SWIFT_VERSION = 5.0;
				TARGETED_DEVICE_FAMILY = "1,2";
			};
			name = Debug;
		};
		A39CBC322257E875004C6A95 /* Release */ = {
			isa = XCBuildConfiguration;
			baseConfigurationReference = D56D701ADA8BDB4069A4BD29 /* Pods-it-events-by.release.xcconfig */;
			buildSettings = {
				ASSETCATALOG_COMPILER_APPICON_NAME = AppIcon;
				CODE_SIGN_STYLE = Automatic;
				DEVELOPMENT_TEAM = 8EF4CLU9HX;
				INFOPLIST_FILE = "it-events-by/Info.plist";
				LD_RUNPATH_SEARCH_PATHS = (
					"$(inherited)",
					"@executable_path/Frameworks",
				);
				PRODUCT_BUNDLE_IDENTIFIER = "at.it-events-by";
				PRODUCT_NAME = "$(TARGET_NAME)";
				SWIFT_VERSION = 5.0;
				TARGETED_DEVICE_FAMILY = "1,2";
			};
			name = Release;
		};
		A39CBC342257E875004C6A95 /* Debug */ = {
			isa = XCBuildConfiguration;
			baseConfigurationReference = DE13FBDE89016F733D118737 /* Pods-it-events-byTests.debug.xcconfig */;
			buildSettings = {
				ALWAYS_EMBED_SWIFT_STANDARD_LIBRARIES = YES;
				BUNDLE_LOADER = "$(TEST_HOST)";
				CODE_SIGN_STYLE = Automatic;
				DEVELOPMENT_TEAM = 8EF4CLU9HX;
				INFOPLIST_FILE = "it-events-byTests/Info.plist";
				LD_RUNPATH_SEARCH_PATHS = (
					"$(inherited)",
					"@executable_path/Frameworks",
					"@loader_path/Frameworks",
				);
				PRODUCT_BUNDLE_IDENTIFIER = "at.it-events-byTests";
				PRODUCT_NAME = "$(TARGET_NAME)";
				SWIFT_VERSION = 4.2;
				TARGETED_DEVICE_FAMILY = "1,2";
				TEST_HOST = "$(BUILT_PRODUCTS_DIR)/it-events-by.app/it-events-by";
			};
			name = Debug;
		};
		A39CBC352257E875004C6A95 /* Release */ = {
			isa = XCBuildConfiguration;
			baseConfigurationReference = ED99F3D536135873E380C4A4 /* Pods-it-events-byTests.release.xcconfig */;
			buildSettings = {
				ALWAYS_EMBED_SWIFT_STANDARD_LIBRARIES = YES;
				BUNDLE_LOADER = "$(TEST_HOST)";
				CODE_SIGN_STYLE = Automatic;
				DEVELOPMENT_TEAM = 8EF4CLU9HX;
				INFOPLIST_FILE = "it-events-byTests/Info.plist";
				LD_RUNPATH_SEARCH_PATHS = (
					"$(inherited)",
					"@executable_path/Frameworks",
					"@loader_path/Frameworks",
				);
				PRODUCT_BUNDLE_IDENTIFIER = "at.it-events-byTests";
				PRODUCT_NAME = "$(TARGET_NAME)";
				SWIFT_VERSION = 4.2;
				TARGETED_DEVICE_FAMILY = "1,2";
				TEST_HOST = "$(BUILT_PRODUCTS_DIR)/it-events-by.app/it-events-by";
			};
			name = Release;
		};
/* End XCBuildConfiguration section */

/* Begin XCConfigurationList section */
		A39CBC0E2257E874004C6A95 /* Build configuration list for PBXProject "it-events-by" */ = {
			isa = XCConfigurationList;
			buildConfigurations = (
				A39CBC2E2257E875004C6A95 /* Debug */,
				A39CBC2F2257E875004C6A95 /* Release */,
			);
			defaultConfigurationIsVisible = 0;
			defaultConfigurationName = Release;
		};
		A39CBC302257E875004C6A95 /* Build configuration list for PBXNativeTarget "it-events-by" */ = {
			isa = XCConfigurationList;
			buildConfigurations = (
				A39CBC312257E875004C6A95 /* Debug */,
				A39CBC322257E875004C6A95 /* Release */,
			);
			defaultConfigurationIsVisible = 0;
			defaultConfigurationName = Release;
		};
		A39CBC332257E875004C6A95 /* Build configuration list for PBXNativeTarget "it-events-byTests" */ = {
			isa = XCConfigurationList;
			buildConfigurations = (
				A39CBC342257E875004C6A95 /* Debug */,
				A39CBC352257E875004C6A95 /* Release */,
			);
			defaultConfigurationIsVisible = 0;
			defaultConfigurationName = Release;
		};
/* End XCConfigurationList section */
	};
	rootObject = A39CBC0B2257E874004C6A95 /* Project object */;
}
