// !$*UTF8*$!
{
	archiveVersion = 1;
	classes = {
	};
	objectVersion = 50;
	objects = {

/* Begin PBXBuildFile section */
		214F38895401B9AA3C85076A /* Pods_it_events_byTests.framework in Frameworks */ = {isa = PBXBuildFile; fileRef = 3AF2986B39F269FCB6E96210 /* Pods_it_events_byTests.framework */; };
		98CC726B53212A56F91824C4 /* Pods_it_events_by.framework in Frameworks */ = {isa = PBXBuildFile; fileRef = DF0D7B12C273BE80DC7F3BBE /* Pods_it_events_by.framework */; };
		A39CBC172257E874004C6A95 /* AppDelegate.swift in Sources */ = {isa = PBXBuildFile; fileRef = A39CBC162257E874004C6A95 /* AppDelegate.swift */; };
		A39CBC1E2257E875004C6A95 /* Images.xcassets in Resources */ = {isa = PBXBuildFile; fileRef = A39CBC1D2257E875004C6A95 /* Images.xcassets */; };
		A39CBC212257E875004C6A95 /* LaunchScreen.storyboard in Resources */ = {isa = PBXBuildFile; fileRef = A39CBC1F2257E875004C6A95 /* LaunchScreen.storyboard */; };
		A39CBC3D2257EDB7004C6A95 /* Colors.xcassets in Resources */ = {isa = PBXBuildFile; fileRef = A39CBC3C2257EDB7004C6A95 /* Colors.xcassets */; };
		A3C6C5842257FFB300F17264 /* Localizable.strings in Resources */ = {isa = PBXBuildFile; fileRef = A3C6C5862257FFB300F17264 /* Localizable.strings */; };
		A3C6C59022580E0E00F17264 /* AppSession.swift in Sources */ = {isa = PBXBuildFile; fileRef = A3C6C58F22580E0E00F17264 /* AppSession.swift */; };
		A3C6C59222580E1400F17264 /* SessionType.swift in Sources */ = {isa = PBXBuildFile; fileRef = A3C6C59122580E1400F17264 /* SessionType.swift */; };
		A3C6C59522580EAA00F17264 /* NetworkManager.swift in Sources */ = {isa = PBXBuildFile; fileRef = A3C6C59422580EAA00F17264 /* NetworkManager.swift */; };
		A3C6C5972258110F00F17264 /* AppSessionTests.swift in Sources */ = {isa = PBXBuildFile; fileRef = A3C6C5962258110F00F17264 /* AppSessionTests.swift */; };
		A3C6C5A42258EA2800F17264 /* AppRouter.swift in Sources */ = {isa = PBXBuildFile; fileRef = A3C6C5A32258EA2800F17264 /* AppRouter.swift */; };
		A3C6C5A62258EA3B00F17264 /* BaseRouter.swift in Sources */ = {isa = PBXBuildFile; fileRef = A3C6C5A52258EA3B00F17264 /* BaseRouter.swift */; };
		A3C6C5A92258EB1200F17264 /* AppRouterProtocol.swift in Sources */ = {isa = PBXBuildFile; fileRef = A3C6C5A82258EB1200F17264 /* AppRouterProtocol.swift */; };
		A3C6C5AD2258EB9B00F17264 /* AppRouterTests.swift in Sources */ = {isa = PBXBuildFile; fileRef = A3C6C5AC2258EB9B00F17264 /* AppRouterTests.swift */; };
		A3C6C5AF2258EFD200F17264 /* StubRouter.swift in Sources */ = {isa = PBXBuildFile; fileRef = A3C6C5AE2258EFD200F17264 /* StubRouter.swift */; };
		A3C6C5B12258EFFD00F17264 /* BaseRouterTests.swift in Sources */ = {isa = PBXBuildFile; fileRef = A3C6C5B02258EFFD00F17264 /* BaseRouterTests.swift */; };
		A3C6C5B622592C1400F17264 /* MainTabBarManagerTests.swift in Sources */ = {isa = PBXBuildFile; fileRef = A3C6C5B522592C1400F17264 /* MainTabBarManagerTests.swift */; };
		A3C6C5B922592CCC00F17264 /* MainTabBarManagerProtocol.swift in Sources */ = {isa = PBXBuildFile; fileRef = A3C6C5B822592CCC00F17264 /* MainTabBarManagerProtocol.swift */; };
		A3C6C5BB22592CD300F17264 /* MainTabBarManager.swift in Sources */ = {isa = PBXBuildFile; fileRef = A3C6C5BA22592CD300F17264 /* MainTabBarManager.swift */; };
		A3C6C5BD22592CEB00F17264 /* MainTabBarDelegate.swift in Sources */ = {isa = PBXBuildFile; fileRef = A3C6C5BC22592CEB00F17264 /* MainTabBarDelegate.swift */; };
		A3C6C5C122592D6D00F17264 /* TabBarItem.swift in Sources */ = {isa = PBXBuildFile; fileRef = A3C6C5C022592D6D00F17264 /* TabBarItem.swift */; };
		A3C6C5C322592DC500F17264 /* BaseView.swift in Sources */ = {isa = PBXBuildFile; fileRef = A3C6C5C222592DC500F17264 /* BaseView.swift */; };
		A3C6C5C522592E3A00F17264 /* BaseViewModel.swift in Sources */ = {isa = PBXBuildFile; fileRef = A3C6C5C422592E3A00F17264 /* BaseViewModel.swift */; };
		A3C6C5C92259337D00F17264 /* TabBarItemTests.swift in Sources */ = {isa = PBXBuildFile; fileRef = A3C6C5C82259337D00F17264 /* TabBarItemTests.swift */; };
		A3C6C5CB2259370900F17264 /* MainTabBarDelegateMock.swift in Sources */ = {isa = PBXBuildFile; fileRef = A3C6C5CA2259370900F17264 /* MainTabBarDelegateMock.swift */; };
		A3C6C5D02259399F00F17264 /* BaseViewTests.swift in Sources */ = {isa = PBXBuildFile; fileRef = A3C6C5CF2259399F00F17264 /* BaseViewTests.swift */; };
		A3C6C5D2225939A800F17264 /* BaseViewModelTests.swift in Sources */ = {isa = PBXBuildFile; fileRef = A3C6C5D1225939A800F17264 /* BaseViewModelTests.swift */; };
		A3C6C5D422593AB600F17264 /* DummyView.swift in Sources */ = {isa = PBXBuildFile; fileRef = A3C6C5D322593AB600F17264 /* DummyView.swift */; };
		A3C6C5D622593AF800F17264 /* DummyViewModel.swift in Sources */ = {isa = PBXBuildFile; fileRef = A3C6C5D522593AF800F17264 /* DummyViewModel.swift */; };
		A3C6C5D822593B2A00F17264 /* DummyRouter.swift in Sources */ = {isa = PBXBuildFile; fileRef = A3C6C5D722593B2A00F17264 /* DummyRouter.swift */; };
		A3C6C5DD2259551500F17264 /* InitialMainRouter.swift in Sources */ = {isa = PBXBuildFile; fileRef = A3C6C5DC2259551500F17264 /* InitialMainRouter.swift */; };
		A3C6C5DF2259552800F17264 /* MainRoutable.swift in Sources */ = {isa = PBXBuildFile; fileRef = A3C6C5DE2259552800F17264 /* MainRoutable.swift */; };
		A3C6C5E12259558500F17264 /* MainView.swift in Sources */ = {isa = PBXBuildFile; fileRef = A3C6C5E02259558500F17264 /* MainView.swift */; };
		A3C6C5E32259559200F17264 /* Main.storyboard in Resources */ = {isa = PBXBuildFile; fileRef = A3C6C5E22259559100F17264 /* Main.storyboard */; };
		A3C6C5E5225955B800F17264 /* MainViewModel.swift in Sources */ = {isa = PBXBuildFile; fileRef = A3C6C5E4225955B800F17264 /* MainViewModel.swift */; };
		A3C6C5E8225955C700F17264 /* MainViewModelType.swift in Sources */ = {isa = PBXBuildFile; fileRef = A3C6C5E7225955C700F17264 /* MainViewModelType.swift */; };
		A3C6C5EA2259563300F17264 /* MainRouter.swift in Sources */ = {isa = PBXBuildFile; fileRef = A3C6C5E92259563300F17264 /* MainRouter.swift */; };
		A3C6C5EE2259580800F17264 /* storyboards.swift in Sources */ = {isa = PBXBuildFile; fileRef = A3C6C5EB2259580800F17264 /* storyboards.swift */; };
		A3C6C5EF2259580800F17264 /* strings.swift in Sources */ = {isa = PBXBuildFile; fileRef = A3C6C5EC2259580800F17264 /* strings.swift */; };
		A3C6C5F02259580800F17264 /* assets-images.swift in Sources */ = {isa = PBXBuildFile; fileRef = A3C6C5ED2259580800F17264 /* assets-images.swift */; };
		A3C6C5F4225A168100F17264 /* MainRoutableTests.swift in Sources */ = {isa = PBXBuildFile; fileRef = A3C6C5F3225A168100F17264 /* MainRoutableTests.swift */; };
		A3C6C5F6225A18E500F17264 /* MainRoutableMock.swift in Sources */ = {isa = PBXBuildFile; fileRef = A3C6C5F5225A18E500F17264 /* MainRoutableMock.swift */; };
		A3C6C5F8225A1C8400F17264 /* MainRouterTests.swift in Sources */ = {isa = PBXBuildFile; fileRef = A3C6C5F7225A1C8400F17264 /* MainRouterTests.swift */; };
		A3C6C5FC225A221B00F17264 /* MainViewModelTests.swift in Sources */ = {isa = PBXBuildFile; fileRef = A3C6C5FB225A221B00F17264 /* MainViewModelTests.swift */; };
		A3C6C5FE225A2B4A00F17264 /* MainViewMock.swift in Sources */ = {isa = PBXBuildFile; fileRef = A3C6C5FD225A2B4A00F17264 /* MainViewMock.swift */; };
		A3C6C602225A3B3700F17264 /* Tabbable.swift in Sources */ = {isa = PBXBuildFile; fileRef = A3C6C601225A3B3700F17264 /* Tabbable.swift */; };
/* End PBXBuildFile section */

/* Begin PBXContainerItemProxy section */
		A39CBC282257E875004C6A95 /* PBXContainerItemProxy */ = {
			isa = PBXContainerItemProxy;
			containerPortal = A39CBC0B2257E874004C6A95 /* Project object */;
			proxyType = 1;
			remoteGlobalIDString = A39CBC122257E874004C6A95;
			remoteInfo = "it-events-by";
		};
/* End PBXContainerItemProxy section */

/* Begin PBXFileReference section */
		3AF2986B39F269FCB6E96210 /* Pods_it_events_byTests.framework */ = {isa = PBXFileReference; explicitFileType = wrapper.framework; includeInIndex = 0; path = Pods_it_events_byTests.framework; sourceTree = BUILT_PRODUCTS_DIR; };
		A3941BF03ABAB3689542AC71 /* Pods-it-events-by.debug.xcconfig */ = {isa = PBXFileReference; includeInIndex = 1; lastKnownFileType = text.xcconfig; name = "Pods-it-events-by.debug.xcconfig"; path = "Pods/Target Support Files/Pods-it-events-by/Pods-it-events-by.debug.xcconfig"; sourceTree = "<group>"; };
		A39CBC132257E874004C6A95 /* it-events-by.app */ = {isa = PBXFileReference; explicitFileType = wrapper.application; includeInIndex = 0; path = "it-events-by.app"; sourceTree = BUILT_PRODUCTS_DIR; };
		A39CBC162257E874004C6A95 /* AppDelegate.swift */ = {isa = PBXFileReference; lastKnownFileType = sourcecode.swift; path = AppDelegate.swift; sourceTree = "<group>"; };
		A39CBC1D2257E875004C6A95 /* Images.xcassets */ = {isa = PBXFileReference; lastKnownFileType = folder.assetcatalog; path = Images.xcassets; sourceTree = "<group>"; };
		A39CBC202257E875004C6A95 /* Base */ = {isa = PBXFileReference; lastKnownFileType = file.storyboard; name = Base; path = Base.lproj/LaunchScreen.storyboard; sourceTree = "<group>"; };
		A39CBC222257E875004C6A95 /* Info.plist */ = {isa = PBXFileReference; lastKnownFileType = text.plist.xml; path = Info.plist; sourceTree = "<group>"; };
		A39CBC272257E875004C6A95 /* it-events-byTests.xctest */ = {isa = PBXFileReference; explicitFileType = wrapper.cfbundle; includeInIndex = 0; path = "it-events-byTests.xctest"; sourceTree = BUILT_PRODUCTS_DIR; };
		A39CBC2D2257E875004C6A95 /* Info.plist */ = {isa = PBXFileReference; lastKnownFileType = text.plist.xml; path = Info.plist; sourceTree = "<group>"; };
		A39CBC3C2257EDB7004C6A95 /* Colors.xcassets */ = {isa = PBXFileReference; lastKnownFileType = folder.assetcatalog; path = Colors.xcassets; sourceTree = "<group>"; };
		A3C6C5812257FF7C00F17264 /* ru */ = {isa = PBXFileReference; lastKnownFileType = text.plist.strings; name = ru; path = ru.lproj/LaunchScreen.strings; sourceTree = "<group>"; };
		A3C6C5852257FFB300F17264 /* ru */ = {isa = PBXFileReference; lastKnownFileType = text.plist.strings; name = ru; path = ru.lproj/Localizable.strings; sourceTree = "<group>"; };
		A3C6C5872257FFB700F17264 /* en */ = {isa = PBXFileReference; lastKnownFileType = text.plist.strings; name = en; path = en.lproj/Localizable.strings; sourceTree = "<group>"; };
		A3C6C58F22580E0E00F17264 /* AppSession.swift */ = {isa = PBXFileReference; lastKnownFileType = sourcecode.swift; path = AppSession.swift; sourceTree = "<group>"; };
		A3C6C59122580E1400F17264 /* SessionType.swift */ = {isa = PBXFileReference; lastKnownFileType = sourcecode.swift; path = SessionType.swift; sourceTree = "<group>"; };
		A3C6C59422580EAA00F17264 /* NetworkManager.swift */ = {isa = PBXFileReference; lastKnownFileType = sourcecode.swift; path = NetworkManager.swift; sourceTree = "<group>"; };
		A3C6C5962258110F00F17264 /* AppSessionTests.swift */ = {isa = PBXFileReference; lastKnownFileType = sourcecode.swift; path = AppSessionTests.swift; sourceTree = "<group>"; };
		A3C6C5A32258EA2800F17264 /* AppRouter.swift */ = {isa = PBXFileReference; lastKnownFileType = sourcecode.swift; path = AppRouter.swift; sourceTree = "<group>"; };
		A3C6C5A52258EA3B00F17264 /* BaseRouter.swift */ = {isa = PBXFileReference; lastKnownFileType = sourcecode.swift; path = BaseRouter.swift; sourceTree = "<group>"; };
		A3C6C5A82258EB1200F17264 /* AppRouterProtocol.swift */ = {isa = PBXFileReference; lastKnownFileType = sourcecode.swift; path = AppRouterProtocol.swift; sourceTree = "<group>"; };
		A3C6C5AC2258EB9B00F17264 /* AppRouterTests.swift */ = {isa = PBXFileReference; lastKnownFileType = sourcecode.swift; path = AppRouterTests.swift; sourceTree = "<group>"; };
		A3C6C5AE2258EFD200F17264 /* StubRouter.swift */ = {isa = PBXFileReference; lastKnownFileType = sourcecode.swift; path = StubRouter.swift; sourceTree = "<group>"; };
		A3C6C5B02258EFFD00F17264 /* BaseRouterTests.swift */ = {isa = PBXFileReference; lastKnownFileType = sourcecode.swift; path = BaseRouterTests.swift; sourceTree = "<group>"; };
		A3C6C5B522592C1400F17264 /* MainTabBarManagerTests.swift */ = {isa = PBXFileReference; lastKnownFileType = sourcecode.swift; path = MainTabBarManagerTests.swift; sourceTree = "<group>"; };
		A3C6C5B822592CCC00F17264 /* MainTabBarManagerProtocol.swift */ = {isa = PBXFileReference; lastKnownFileType = sourcecode.swift; path = MainTabBarManagerProtocol.swift; sourceTree = "<group>"; };
		A3C6C5BA22592CD300F17264 /* MainTabBarManager.swift */ = {isa = PBXFileReference; lastKnownFileType = sourcecode.swift; path = MainTabBarManager.swift; sourceTree = "<group>"; };
		A3C6C5BC22592CEB00F17264 /* MainTabBarDelegate.swift */ = {isa = PBXFileReference; lastKnownFileType = sourcecode.swift; path = MainTabBarDelegate.swift; sourceTree = "<group>"; };
		A3C6C5C022592D6D00F17264 /* TabBarItem.swift */ = {isa = PBXFileReference; lastKnownFileType = sourcecode.swift; path = TabBarItem.swift; sourceTree = "<group>"; };
		A3C6C5C222592DC500F17264 /* BaseView.swift */ = {isa = PBXFileReference; lastKnownFileType = sourcecode.swift; path = BaseView.swift; sourceTree = "<group>"; };
		A3C6C5C422592E3A00F17264 /* BaseViewModel.swift */ = {isa = PBXFileReference; lastKnownFileType = sourcecode.swift; path = BaseViewModel.swift; sourceTree = "<group>"; };
		A3C6C5C82259337D00F17264 /* TabBarItemTests.swift */ = {isa = PBXFileReference; lastKnownFileType = sourcecode.swift; path = TabBarItemTests.swift; sourceTree = "<group>"; };
		A3C6C5CA2259370900F17264 /* MainTabBarDelegateMock.swift */ = {isa = PBXFileReference; lastKnownFileType = sourcecode.swift; path = MainTabBarDelegateMock.swift; sourceTree = "<group>"; };
		A3C6C5CF2259399F00F17264 /* BaseViewTests.swift */ = {isa = PBXFileReference; lastKnownFileType = sourcecode.swift; path = BaseViewTests.swift; sourceTree = "<group>"; };
		A3C6C5D1225939A800F17264 /* BaseViewModelTests.swift */ = {isa = PBXFileReference; lastKnownFileType = sourcecode.swift; path = BaseViewModelTests.swift; sourceTree = "<group>"; };
		A3C6C5D322593AB600F17264 /* DummyView.swift */ = {isa = PBXFileReference; lastKnownFileType = sourcecode.swift; path = DummyView.swift; sourceTree = "<group>"; };
		A3C6C5D522593AF800F17264 /* DummyViewModel.swift */ = {isa = PBXFileReference; lastKnownFileType = sourcecode.swift; path = DummyViewModel.swift; sourceTree = "<group>"; };
		A3C6C5D722593B2A00F17264 /* DummyRouter.swift */ = {isa = PBXFileReference; lastKnownFileType = sourcecode.swift; path = DummyRouter.swift; sourceTree = "<group>"; };
		A3C6C5DC2259551500F17264 /* InitialMainRouter.swift */ = {isa = PBXFileReference; lastKnownFileType = sourcecode.swift; path = InitialMainRouter.swift; sourceTree = "<group>"; };
		A3C6C5DE2259552800F17264 /* MainRoutable.swift */ = {isa = PBXFileReference; lastKnownFileType = sourcecode.swift; path = MainRoutable.swift; sourceTree = "<group>"; };
		A3C6C5E02259558500F17264 /* MainView.swift */ = {isa = PBXFileReference; lastKnownFileType = sourcecode.swift; path = MainView.swift; sourceTree = "<group>"; };
		A3C6C5E22259559100F17264 /* Main.storyboard */ = {isa = PBXFileReference; lastKnownFileType = file.storyboard; path = Main.storyboard; sourceTree = "<group>"; };
		A3C6C5E4225955B800F17264 /* MainViewModel.swift */ = {isa = PBXFileReference; lastKnownFileType = sourcecode.swift; path = MainViewModel.swift; sourceTree = "<group>"; };
		A3C6C5E7225955C700F17264 /* MainViewModelType.swift */ = {isa = PBXFileReference; lastKnownFileType = sourcecode.swift; path = MainViewModelType.swift; sourceTree = "<group>"; };
		A3C6C5E92259563300F17264 /* MainRouter.swift */ = {isa = PBXFileReference; lastKnownFileType = sourcecode.swift; path = MainRouter.swift; sourceTree = "<group>"; };
		A3C6C5EB2259580800F17264 /* storyboards.swift */ = {isa = PBXFileReference; fileEncoding = 4; lastKnownFileType = sourcecode.swift; path = storyboards.swift; sourceTree = "<group>"; };
		A3C6C5EC2259580800F17264 /* strings.swift */ = {isa = PBXFileReference; fileEncoding = 4; lastKnownFileType = sourcecode.swift; path = strings.swift; sourceTree = "<group>"; };
		A3C6C5ED2259580800F17264 /* assets-images.swift */ = {isa = PBXFileReference; fileEncoding = 4; lastKnownFileType = sourcecode.swift; path = "assets-images.swift"; sourceTree = "<group>"; };
		A3C6C5F3225A168100F17264 /* MainRoutableTests.swift */ = {isa = PBXFileReference; lastKnownFileType = sourcecode.swift; path = MainRoutableTests.swift; sourceTree = "<group>"; };
		A3C6C5F5225A18E500F17264 /* MainRoutableMock.swift */ = {isa = PBXFileReference; lastKnownFileType = sourcecode.swift; path = MainRoutableMock.swift; sourceTree = "<group>"; };
		A3C6C5F7225A1C8400F17264 /* MainRouterTests.swift */ = {isa = PBXFileReference; lastKnownFileType = sourcecode.swift; path = MainRouterTests.swift; sourceTree = "<group>"; };
		A3C6C5FB225A221B00F17264 /* MainViewModelTests.swift */ = {isa = PBXFileReference; lastKnownFileType = sourcecode.swift; path = MainViewModelTests.swift; sourceTree = "<group>"; };
		A3C6C5FD225A2B4A00F17264 /* MainViewMock.swift */ = {isa = PBXFileReference; lastKnownFileType = sourcecode.swift; path = MainViewMock.swift; sourceTree = "<group>"; };
		A3C6C601225A3B3700F17264 /* Tabbable.swift */ = {isa = PBXFileReference; lastKnownFileType = sourcecode.swift; path = Tabbable.swift; sourceTree = "<group>"; };
		D56D701ADA8BDB4069A4BD29 /* Pods-it-events-by.release.xcconfig */ = {isa = PBXFileReference; includeInIndex = 1; lastKnownFileType = text.xcconfig; name = "Pods-it-events-by.release.xcconfig"; path = "Pods/Target Support Files/Pods-it-events-by/Pods-it-events-by.release.xcconfig"; sourceTree = "<group>"; };
		DE13FBDE89016F733D118737 /* Pods-it-events-byTests.debug.xcconfig */ = {isa = PBXFileReference; includeInIndex = 1; lastKnownFileType = text.xcconfig; name = "Pods-it-events-byTests.debug.xcconfig"; path = "Pods/Target Support Files/Pods-it-events-byTests/Pods-it-events-byTests.debug.xcconfig"; sourceTree = "<group>"; };
		DF0D7B12C273BE80DC7F3BBE /* Pods_it_events_by.framework */ = {isa = PBXFileReference; explicitFileType = wrapper.framework; includeInIndex = 0; path = Pods_it_events_by.framework; sourceTree = BUILT_PRODUCTS_DIR; };
		ED99F3D536135873E380C4A4 /* Pods-it-events-byTests.release.xcconfig */ = {isa = PBXFileReference; includeInIndex = 1; lastKnownFileType = text.xcconfig; name = "Pods-it-events-byTests.release.xcconfig"; path = "Pods/Target Support Files/Pods-it-events-byTests/Pods-it-events-byTests.release.xcconfig"; sourceTree = "<group>"; };
/* End PBXFileReference section */

/* Begin PBXFrameworksBuildPhase section */
		A39CBC102257E874004C6A95 /* Frameworks */ = {
			isa = PBXFrameworksBuildPhase;
			buildActionMask = 2147483647;
			files = (
				98CC726B53212A56F91824C4 /* Pods_it_events_by.framework in Frameworks */,
			);
			runOnlyForDeploymentPostprocessing = 0;
		};
		A39CBC242257E875004C6A95 /* Frameworks */ = {
			isa = PBXFrameworksBuildPhase;
			buildActionMask = 2147483647;
			files = (
				214F38895401B9AA3C85076A /* Pods_it_events_byTests.framework in Frameworks */,
			);
			runOnlyForDeploymentPostprocessing = 0;
		};
/* End PBXFrameworksBuildPhase section */

/* Begin PBXGroup section */
		6ED986BEF2D474056CC53C36 /* Frameworks */ = {
			isa = PBXGroup;
			children = (
				DF0D7B12C273BE80DC7F3BBE /* Pods_it_events_by.framework */,
				3AF2986B39F269FCB6E96210 /* Pods_it_events_byTests.framework */,
			);
			name = Frameworks;
			sourceTree = "<group>";
		};
		A39CBC0A2257E874004C6A95 = {
			isa = PBXGroup;
			children = (
				A39CBC152257E874004C6A95 /* it-events-by */,
				A39CBC2A2257E875004C6A95 /* it-events-byTests */,
				A39CBC142257E874004C6A95 /* Products */,
				D0C6A3B88EA8A654FBAFCD20 /* Pods */,
				6ED986BEF2D474056CC53C36 /* Frameworks */,
			);
			sourceTree = "<group>";
		};
		A39CBC142257E874004C6A95 /* Products */ = {
			isa = PBXGroup;
			children = (
				A39CBC132257E874004C6A95 /* it-events-by.app */,
				A39CBC272257E875004C6A95 /* it-events-byTests.xctest */,
			);
			name = Products;
			sourceTree = "<group>";
		};
		A39CBC152257E874004C6A95 /* it-events-by */ = {
			isa = PBXGroup;
			children = (
				A3C6C5882258096200F17264 /* classes */,
				A39CBC392257ED95004C6A95 /* resources */,
				A39CBC382257ED82004C6A95 /* generated */,
				A39CBC222257E875004C6A95 /* Info.plist */,
			);
			path = "it-events-by";
			sourceTree = "<group>";
		};
		A39CBC2A2257E875004C6A95 /* it-events-byTests */ = {
			isa = PBXGroup;
			children = (
				A3C6C5CE2259398300F17264 /* base */,
				A3C6C5AB2258EB8C00F17264 /* router */,
				A3C6C58B22580D1200F17264 /* session */,
				A3C6C5B322592BF200F17264 /* modules */,
				A3C6C5C62259336D00F17264 /* models */,
				A39CBC2D2257E875004C6A95 /* Info.plist */,
			);
			path = "it-events-byTests";
			sourceTree = "<group>";
		};
		A39CBC382257ED82004C6A95 /* generated */ = {
			isa = PBXGroup;
			children = (
				A3C6C5ED2259580800F17264 /* assets-images.swift */,
				A3C6C5EB2259580800F17264 /* storyboards.swift */,
				A3C6C5EC2259580800F17264 /* strings.swift */,
			);
			path = generated;
			sourceTree = "<group>";
		};
		A39CBC392257ED95004C6A95 /* resources */ = {
			isa = PBXGroup;
			children = (
				A39CBC3B2257EDA3004C6A95 /* images */,
				A39CBC3A2257ED9E004C6A95 /* colors */,
				A3C6C5862257FFB300F17264 /* Localizable.strings */,
			);
			path = resources;
			sourceTree = "<group>";
		};
		A39CBC3A2257ED9E004C6A95 /* colors */ = {
			isa = PBXGroup;
			children = (
				A39CBC3C2257EDB7004C6A95 /* Colors.xcassets */,
			);
			path = colors;
			sourceTree = "<group>";
		};
		A39CBC3B2257EDA3004C6A95 /* images */ = {
			isa = PBXGroup;
			children = (
				A39CBC1D2257E875004C6A95 /* Images.xcassets */,
			);
			path = images;
			sourceTree = "<group>";
		};
		A3C6C5882258096200F17264 /* classes */ = {
			isa = PBXGroup;
			children = (
				A3C6C58922580BFF00F17264 /* app */,
				A3C6C5BE22592D5C00F17264 /* models */,
				A3C6C598225813E800F17264 /* modules */,
				A3C6C59322580E9D00F17264 /* network */,
			);
			path = classes;
			sourceTree = "<group>";
		};
		A3C6C58922580BFF00F17264 /* app */ = {
			isa = PBXGroup;
			children = (
				A3C6C5AA2258EB2100F17264 /* base */,
				A3C6C5A72258EB0500F17264 /* router */,
				A3C6C58A22580C0800F17264 /* session */,
				A39CBC162257E874004C6A95 /* AppDelegate.swift */,
			);
			path = app;
			sourceTree = "<group>";
		};
		A3C6C58A22580C0800F17264 /* session */ = {
			isa = PBXGroup;
			children = (
				A3C6C59122580E1400F17264 /* SessionType.swift */,
				A3C6C58F22580E0E00F17264 /* AppSession.swift */,
			);
			path = session;
			sourceTree = "<group>";
		};
		A3C6C58B22580D1200F17264 /* session */ = {
			isa = PBXGroup;
			children = (
				A3C6C5962258110F00F17264 /* AppSessionTests.swift */,
			);
			path = session;
			sourceTree = "<group>";
		};
		A3C6C59322580E9D00F17264 /* network */ = {
			isa = PBXGroup;
			children = (
				A3C6C59422580EAA00F17264 /* NetworkManager.swift */,
			);
			path = network;
			sourceTree = "<group>";
		};
		A3C6C598225813E800F17264 /* modules */ = {
			isa = PBXGroup;
			children = (
				A3C6C599225813F700F17264 /* ui */,
			);
			path = modules;
			sourceTree = "<group>";
		};
		A3C6C599225813F700F17264 /* ui */ = {
			isa = PBXGroup;
			children = (
				A3C6C5F1225959D600F17264 /* launchscreen */,
				A3C6C5B2225927EC00F17264 /* main */,
			);
			path = ui;
			sourceTree = "<group>";
		};
		A3C6C5A72258EB0500F17264 /* router */ = {
			isa = PBXGroup;
			children = (
				A3C6C5A82258EB1200F17264 /* AppRouterProtocol.swift */,
				A3C6C5A32258EA2800F17264 /* AppRouter.swift */,
			);
			path = router;
			sourceTree = "<group>";
		};
		A3C6C5AA2258EB2100F17264 /* base */ = {
			isa = PBXGroup;
			children = (
				A3C6C5A52258EA3B00F17264 /* BaseRouter.swift */,
				A3C6C5C222592DC500F17264 /* BaseView.swift */,
				A3C6C5C422592E3A00F17264 /* BaseViewModel.swift */,
			);
			path = base;
			sourceTree = "<group>";
		};
		A3C6C5AB2258EB8C00F17264 /* router */ = {
			isa = PBXGroup;
			children = (
				A3C6C5AC2258EB9B00F17264 /* AppRouterTests.swift */,
				A3C6C5B02258EFFD00F17264 /* BaseRouterTests.swift */,
				A3C6C5AE2258EFD200F17264 /* StubRouter.swift */,
			);
			path = router;
			sourceTree = "<group>";
		};
		A3C6C5B2225927EC00F17264 /* main */ = {
			isa = PBXGroup;
			children = (
				A3C6C5B722592C4E00F17264 /* tab-bar */,
				A3C6C5D92259528300F17264 /* router */,
				A3C6C5DA2259528F00F17264 /* view */,
				A3C6C5DB2259529700F17264 /* viewModel */,
			);
			path = main;
			sourceTree = "<group>";
		};
		A3C6C5B322592BF200F17264 /* modules */ = {
			isa = PBXGroup;
			children = (
				A3C6C5B422592BFF00F17264 /* main */,
			);
			path = modules;
			sourceTree = "<group>";
		};
		A3C6C5B422592BFF00F17264 /* main */ = {
			isa = PBXGroup;
			children = (
				A3C6C5CD2259383200F17264 /* tab-bar */,
				A3C6C5F2225A167800F17264 /* router */,
				A3C6C5F9225A20E300F17264 /* viewModel */,
				A3C6C5FA225A218A00F17264 /* view */,
			);
			path = main;
			sourceTree = "<group>";
		};
		A3C6C5B722592C4E00F17264 /* tab-bar */ = {
			isa = PBXGroup;
			children = (
				A3C6C5B822592CCC00F17264 /* MainTabBarManagerProtocol.swift */,
				A3C6C5BA22592CD300F17264 /* MainTabBarManager.swift */,
				A3C6C5BC22592CEB00F17264 /* MainTabBarDelegate.swift */,
			);
			path = "tab-bar";
			sourceTree = "<group>";
		};
		A3C6C5BE22592D5C00F17264 /* models */ = {
			isa = PBXGroup;
			children = (
				A3C6C5BF22592D6100F17264 /* ui */,
			);
			path = models;
			sourceTree = "<group>";
		};
		A3C6C5BF22592D6100F17264 /* ui */ = {
			isa = PBXGroup;
			children = (
				A3C6C5C022592D6D00F17264 /* TabBarItem.swift */,
			);
			path = ui;
			sourceTree = "<group>";
		};
		A3C6C5C62259336D00F17264 /* models */ = {
			isa = PBXGroup;
			children = (
				A3C6C5C72259337400F17264 /* ui */,
			);
			path = models;
			sourceTree = "<group>";
		};
		A3C6C5C72259337400F17264 /* ui */ = {
			isa = PBXGroup;
			children = (
				A3C6C5C82259337D00F17264 /* TabBarItemTests.swift */,
			);
			path = ui;
			sourceTree = "<group>";
		};
		A3C6C5CD2259383200F17264 /* tab-bar */ = {
			isa = PBXGroup;
			children = (
				A3C6C5B522592C1400F17264 /* MainTabBarManagerTests.swift */,
				A3C6C5CA2259370900F17264 /* MainTabBarDelegateMock.swift */,
			);
			path = "tab-bar";
			sourceTree = "<group>";
		};
		A3C6C5CE2259398300F17264 /* base */ = {
			isa = PBXGroup;
			children = (
				A3C6C5CF2259399F00F17264 /* BaseViewTests.swift */,
				A3C6C5D1225939A800F17264 /* BaseViewModelTests.swift */,
				A3C6C5D322593AB600F17264 /* DummyView.swift */,
				A3C6C5D522593AF800F17264 /* DummyViewModel.swift */,
				A3C6C5D722593B2A00F17264 /* DummyRouter.swift */,
			);
			path = base;
			sourceTree = "<group>";
		};
		A3C6C5D92259528300F17264 /* router */ = {
			isa = PBXGroup;
			children = (
				A3C6C5DC2259551500F17264 /* InitialMainRouter.swift */,
				A3C6C5DE2259552800F17264 /* MainRoutable.swift */,
				A3C6C5E92259563300F17264 /* MainRouter.swift */,
			);
			path = router;
			sourceTree = "<group>";
		};
		A3C6C5DA2259528F00F17264 /* view */ = {
			isa = PBXGroup;
			children = (
				A3C6C5E02259558500F17264 /* MainView.swift */,
				A3C6C5E22259559100F17264 /* Main.storyboard */,
				A3C6C601225A3B3700F17264 /* Tabbable.swift */,
			);
			path = view;
			sourceTree = "<group>";
		};
		A3C6C5DB2259529700F17264 /* viewModel */ = {
			isa = PBXGroup;
			children = (
				A3C6C5E4225955B800F17264 /* MainViewModel.swift */,
				A3C6C5E7225955C700F17264 /* MainViewModelType.swift */,
			);
			path = viewModel;
			sourceTree = "<group>";
		};
		A3C6C5F1225959D600F17264 /* launchscreen */ = {
			isa = PBXGroup;
			children = (
				A39CBC1F2257E875004C6A95 /* LaunchScreen.storyboard */,
			);
			path = launchscreen;
			sourceTree = "<group>";
		};
		A3C6C5F2225A167800F17264 /* router */ = {
			isa = PBXGroup;
			children = (
				A3C6C5F3225A168100F17264 /* MainRoutableTests.swift */,
				A3C6C5F5225A18E500F17264 /* MainRoutableMock.swift */,
				A3C6C5F7225A1C8400F17264 /* MainRouterTests.swift */,
			);
			path = router;
			sourceTree = "<group>";
		};
		A3C6C5F9225A20E300F17264 /* viewModel */ = {
			isa = PBXGroup;
			children = (
				A3C6C5FB225A221B00F17264 /* MainViewModelTests.swift */,
			);
			path = viewModel;
			sourceTree = "<group>";
		};
		A3C6C5FA225A218A00F17264 /* view */ = {
			isa = PBXGroup;
			children = (
				A3C6C5FD225A2B4A00F17264 /* MainViewMock.swift */,
			);
			path = view;
			sourceTree = "<group>";
		};
		D0C6A3B88EA8A654FBAFCD20 /* Pods */ = {
			isa = PBXGroup;
			children = (
				A3941BF03ABAB3689542AC71 /* Pods-it-events-by.debug.xcconfig */,
				D56D701ADA8BDB4069A4BD29 /* Pods-it-events-by.release.xcconfig */,
				DE13FBDE89016F733D118737 /* Pods-it-events-byTests.debug.xcconfig */,
				ED99F3D536135873E380C4A4 /* Pods-it-events-byTests.release.xcconfig */,
			);
			name = Pods;
			sourceTree = "<group>";
		};
/* End PBXGroup section */

/* Begin PBXNativeTarget section */
		A39CBC122257E874004C6A95 /* it-events-by */ = {
			isa = PBXNativeTarget;
			buildConfigurationList = A39CBC302257E875004C6A95 /* Build configuration list for PBXNativeTarget "it-events-by" */;
			buildPhases = (
				5C9467FC0557F2B7483D3C76 /* [CP] Check Pods Manifest.lock */,
				A39CBC0F2257E874004C6A95 /* Sources */,
				A39CBC102257E874004C6A95 /* Frameworks */,
				A39CBC112257E874004C6A95 /* Resources */,
				937192264F6592BCEC74BBCC /* [CP] Embed Pods Frameworks */,
				A39CBC362257ECEE004C6A95 /* SwiftLint */,
				A39CBC372257ED08004C6A95 /* SwiftGen */,
			);
			buildRules = (
			);
			dependencies = (
			);
			name = "it-events-by";
			productName = "it-events-by";
			productReference = A39CBC132257E874004C6A95 /* it-events-by.app */;
			productType = "com.apple.product-type.application";
		};
		A39CBC262257E875004C6A95 /* it-events-byTests */ = {
			isa = PBXNativeTarget;
			buildConfigurationList = A39CBC332257E875004C6A95 /* Build configuration list for PBXNativeTarget "it-events-byTests" */;
			buildPhases = (
				B2CFA715ECEF3951D5FB69C1 /* [CP] Check Pods Manifest.lock */,
				A39CBC232257E875004C6A95 /* Sources */,
				A39CBC242257E875004C6A95 /* Frameworks */,
				A39CBC252257E875004C6A95 /* Resources */,
			);
			buildRules = (
			);
			dependencies = (
				A39CBC292257E875004C6A95 /* PBXTargetDependency */,
			);
			name = "it-events-byTests";
			productName = "it-events-byTests";
			productReference = A39CBC272257E875004C6A95 /* it-events-byTests.xctest */;
			productType = "com.apple.product-type.bundle.unit-test";
		};
/* End PBXNativeTarget section */

/* Begin PBXProject section */
		A39CBC0B2257E874004C6A95 /* Project object */ = {
			isa = PBXProject;
			attributes = {
				LastSwiftUpdateCheck = 1010;
				LastUpgradeCheck = 1010;
				ORGANIZATIONNAME = "Alexander Tereshkov";
				TargetAttributes = {
					A39CBC122257E874004C6A95 = {
						CreatedOnToolsVersion = 10.1;
					};
					A39CBC262257E875004C6A95 = {
						CreatedOnToolsVersion = 10.1;
						LastSwiftMigration = 1020;
						TestTargetID = A39CBC122257E874004C6A95;
					};
				};
			};
			buildConfigurationList = A39CBC0E2257E874004C6A95 /* Build configuration list for PBXProject "it-events-by" */;
			compatibilityVersion = "Xcode 9.3";
			developmentRegion = en;
			hasScannedForEncodings = 0;
			knownRegions = (
				en,
				Base,
				ru,
			);
			mainGroup = A39CBC0A2257E874004C6A95;
			productRefGroup = A39CBC142257E874004C6A95 /* Products */;
			projectDirPath = "";
			projectRoot = "";
			targets = (
				A39CBC122257E874004C6A95 /* it-events-by */,
				A39CBC262257E875004C6A95 /* it-events-byTests */,
			);
		};
/* End PBXProject section */

/* Begin PBXResourcesBuildPhase section */
		A39CBC112257E874004C6A95 /* Resources */ = {
			isa = PBXResourcesBuildPhase;
			buildActionMask = 2147483647;
			files = (
				A3C6C5842257FFB300F17264 /* Localizable.strings in Resources */,
				A39CBC212257E875004C6A95 /* LaunchScreen.storyboard in Resources */,
				A39CBC3D2257EDB7004C6A95 /* Colors.xcassets in Resources */,
				A3C6C5E32259559200F17264 /* Main.storyboard in Resources */,
				A39CBC1E2257E875004C6A95 /* Images.xcassets in Resources */,
			);
			runOnlyForDeploymentPostprocessing = 0;
		};
		A39CBC252257E875004C6A95 /* Resources */ = {
			isa = PBXResourcesBuildPhase;
			buildActionMask = 2147483647;
			files = (
			);
			runOnlyForDeploymentPostprocessing = 0;
		};
/* End PBXResourcesBuildPhase section */

/* Begin PBXShellScriptBuildPhase section */
		5C9467FC0557F2B7483D3C76 /* [CP] Check Pods Manifest.lock */ = {
			isa = PBXShellScriptBuildPhase;
			buildActionMask = 2147483647;
			files = (
			);
			inputFileListPaths = (
			);
			inputPaths = (
				"${PODS_PODFILE_DIR_PATH}/Podfile.lock",
				"${PODS_ROOT}/Manifest.lock",
			);
			name = "[CP] Check Pods Manifest.lock";
			outputFileListPaths = (
			);
			outputPaths = (
				"$(DERIVED_FILE_DIR)/Pods-it-events-by-checkManifestLockResult.txt",
			);
			runOnlyForDeploymentPostprocessing = 0;
			shellPath = /bin/sh;
			shellScript = "diff \"${PODS_PODFILE_DIR_PATH}/Podfile.lock\" \"${PODS_ROOT}/Manifest.lock\" > /dev/null\nif [ $? != 0 ] ; then\n    # print error to STDERR\n    echo \"error: The sandbox is not in sync with the Podfile.lock. Run 'pod install' or update your CocoaPods installation.\" >&2\n    exit 1\nfi\n# This output is used by Xcode 'outputs' to avoid re-running this script phase.\necho \"SUCCESS\" > \"${SCRIPT_OUTPUT_FILE_0}\"\n";
			showEnvVarsInLog = 0;
		};
		937192264F6592BCEC74BBCC /* [CP] Embed Pods Frameworks */ = {
			isa = PBXShellScriptBuildPhase;
			buildActionMask = 2147483647;
			files = (
			);
			inputFileListPaths = (
			);
			inputPaths = (
				"${SRCROOT}/Pods/Target Support Files/Pods-it-events-by/Pods-it-events-by-frameworks.sh",
				"${BUILT_PRODUCTS_DIR}/Alamofire/Alamofire.framework",
				"${BUILT_PRODUCTS_DIR}/Kingfisher/Kingfisher.framework",
				"${BUILT_PRODUCTS_DIR}/ReachabilitySwift/Reachability.framework",
				"${BUILT_PRODUCTS_DIR}/Swinject/Swinject.framework",
			);
			name = "[CP] Embed Pods Frameworks";
			outputFileListPaths = (
			);
			outputPaths = (
				"${TARGET_BUILD_DIR}/${FRAMEWORKS_FOLDER_PATH}/Alamofire.framework",
				"${TARGET_BUILD_DIR}/${FRAMEWORKS_FOLDER_PATH}/Kingfisher.framework",
				"${TARGET_BUILD_DIR}/${FRAMEWORKS_FOLDER_PATH}/Reachability.framework",
				"${TARGET_BUILD_DIR}/${FRAMEWORKS_FOLDER_PATH}/Swinject.framework",
			);
			runOnlyForDeploymentPostprocessing = 0;
			shellPath = /bin/sh;
			shellScript = "\"${SRCROOT}/Pods/Target Support Files/Pods-it-events-by/Pods-it-events-by-frameworks.sh\"\n";
			showEnvVarsInLog = 0;
		};
		A39CBC362257ECEE004C6A95 /* SwiftLint */ = {
			isa = PBXShellScriptBuildPhase;
			buildActionMask = 2147483647;
			files = (
			);
			inputFileListPaths = (
			);
			inputPaths = (
			);
			name = SwiftLint;
			outputFileListPaths = (
			);
			outputPaths = (
			);
			runOnlyForDeploymentPostprocessing = 0;
			shellPath = /bin/sh;
			shellScript = "if which swiftlint >/dev/null; then\n${PODS_ROOT}/SwiftLint/swiftlint\nelse echo \"warning: SwiftLint not installed, download from https://github.com/realm/SwiftLint\"\nfi\n";
		};
		A39CBC372257ED08004C6A95 /* SwiftGen */ = {
			isa = PBXShellScriptBuildPhase;
			buildActionMask = 2147483647;
			files = (
			);
			inputFileListPaths = (
			);
			inputPaths = (
			);
			name = SwiftGen;
			outputFileListPaths = (
			);
			outputPaths = (
			);
			runOnlyForDeploymentPostprocessing = 0;
			shellPath = /bin/sh;
			shellScript = "\"${PODS_ROOT}/SwiftGen/bin/swiftgen\"\n";
		};
		B2CFA715ECEF3951D5FB69C1 /* [CP] Check Pods Manifest.lock */ = {
			isa = PBXShellScriptBuildPhase;
			buildActionMask = 2147483647;
			files = (
			);
			inputFileListPaths = (
			);
			inputPaths = (
				"${PODS_PODFILE_DIR_PATH}/Podfile.lock",
				"${PODS_ROOT}/Manifest.lock",
			);
			name = "[CP] Check Pods Manifest.lock";
			outputFileListPaths = (
			);
			outputPaths = (
				"$(DERIVED_FILE_DIR)/Pods-it-events-byTests-checkManifestLockResult.txt",
			);
			runOnlyForDeploymentPostprocessing = 0;
			shellPath = /bin/sh;
			shellScript = "diff \"${PODS_PODFILE_DIR_PATH}/Podfile.lock\" \"${PODS_ROOT}/Manifest.lock\" > /dev/null\nif [ $? != 0 ] ; then\n    # print error to STDERR\n    echo \"error: The sandbox is not in sync with the Podfile.lock. Run 'pod install' or update your CocoaPods installation.\" >&2\n    exit 1\nfi\n# This output is used by Xcode 'outputs' to avoid re-running this script phase.\necho \"SUCCESS\" > \"${SCRIPT_OUTPUT_FILE_0}\"\n";
			showEnvVarsInLog = 0;
		};
/* End PBXShellScriptBuildPhase section */

/* Begin PBXSourcesBuildPhase section */
		A39CBC0F2257E874004C6A95 /* Sources */ = {
			isa = PBXSourcesBuildPhase;
			buildActionMask = 2147483647;
			files = (
				A3C6C5B922592CCC00F17264 /* MainTabBarManagerProtocol.swift in Sources */,
				A39CBC172257E874004C6A95 /* AppDelegate.swift in Sources */,
				A3C6C5A62258EA3B00F17264 /* BaseRouter.swift in Sources */,
				A3C6C5C322592DC500F17264 /* BaseView.swift in Sources */,
				A3C6C5F02259580800F17264 /* assets-images.swift in Sources */,
				A3C6C5C122592D6D00F17264 /* TabBarItem.swift in Sources */,
				A3C6C5EF2259580800F17264 /* strings.swift in Sources */,
				A3C6C5BD22592CEB00F17264 /* MainTabBarDelegate.swift in Sources */,
				A3C6C602225A3B3700F17264 /* Tabbable.swift in Sources */,
				A3C6C5A92258EB1200F17264 /* AppRouterProtocol.swift in Sources */,
				A3C6C5C522592E3A00F17264 /* BaseViewModel.swift in Sources */,
				A3C6C5E5225955B800F17264 /* MainViewModel.swift in Sources */,
				A3C6C5DD2259551500F17264 /* InitialMainRouter.swift in Sources */,
				A3C6C5E12259558500F17264 /* MainView.swift in Sources */,
				A3C6C5E8225955C700F17264 /* MainViewModelType.swift in Sources */,
				A3C6C59522580EAA00F17264 /* NetworkManager.swift in Sources */,
				A3C6C5BB22592CD300F17264 /* MainTabBarManager.swift in Sources */,
				A3C6C59222580E1400F17264 /* SessionType.swift in Sources */,
				A3C6C5A42258EA2800F17264 /* AppRouter.swift in Sources */,
				A3C6C5EE2259580800F17264 /* storyboards.swift in Sources */,
				A3C6C5DF2259552800F17264 /* MainRoutable.swift in Sources */,
				A3C6C59022580E0E00F17264 /* AppSession.swift in Sources */,
				A3C6C5EA2259563300F17264 /* MainRouter.swift in Sources */,
			);
			runOnlyForDeploymentPostprocessing = 0;
		};
		A39CBC232257E875004C6A95 /* Sources */ = {
			isa = PBXSourcesBuildPhase;
			buildActionMask = 2147483647;
			files = (
				A3C6C5CB2259370900F17264 /* MainTabBarDelegateMock.swift in Sources */,
				A3C6C5D822593B2A00F17264 /* DummyRouter.swift in Sources */,
				A3C6C5AF2258EFD200F17264 /* StubRouter.swift in Sources */,
				A3C6C5FE225A2B4A00F17264 /* MainViewMock.swift in Sources */,
				A3C6C5AD2258EB9B00F17264 /* AppRouterTests.swift in Sources */,
				A3C6C5972258110F00F17264 /* AppSessionTests.swift in Sources */,
				A3C6C5D622593AF800F17264 /* DummyViewModel.swift in Sources */,
				A3C6C5F6225A18E500F17264 /* MainRoutableMock.swift in Sources */,
				A3C6C5FC225A221B00F17264 /* MainViewModelTests.swift in Sources */,
				A3C6C5F4225A168100F17264 /* MainRoutableTests.swift in Sources */,
				A3C6C5B12258EFFD00F17264 /* BaseRouterTests.swift in Sources */,
				A3C6C5D422593AB600F17264 /* DummyView.swift in Sources */,
				A3C6C5D2225939A800F17264 /* BaseViewModelTests.swift in Sources */,
				A3C6C5C92259337D00F17264 /* TabBarItemTests.swift in Sources */,
				A3C6C5F8225A1C8400F17264 /* MainRouterTests.swift in Sources */,
				A3C6C5B622592C1400F17264 /* MainTabBarManagerTests.swift in Sources */,
				A3C6C5D02259399F00F17264 /* BaseViewTests.swift in Sources */,
			);
			runOnlyForDeploymentPostprocessing = 0;
		};
/* End PBXSourcesBuildPhase section */

/* Begin PBXTargetDependency section */
		A39CBC292257E875004C6A95 /* PBXTargetDependency */ = {
			isa = PBXTargetDependency;
			target = A39CBC122257E874004C6A95 /* it-events-by */;
			targetProxy = A39CBC282257E875004C6A95 /* PBXContainerItemProxy */;
		};
/* End PBXTargetDependency section */

/* Begin PBXVariantGroup section */
		A39CBC1F2257E875004C6A95 /* LaunchScreen.storyboard */ = {
			isa = PBXVariantGroup;
			children = (
				A39CBC202257E875004C6A95 /* Base */,
				A3C6C5812257FF7C00F17264 /* ru */,
			);
			name = LaunchScreen.storyboard;
			sourceTree = "<group>";
		};
		A3C6C5862257FFB300F17264 /* Localizable.strings */ = {
			isa = PBXVariantGroup;
			children = (
				A3C6C5852257FFB300F17264 /* ru */,
				A3C6C5872257FFB700F17264 /* en */,
			);
			name = Localizable.strings;
			sourceTree = "<group>";
		};
/* End PBXVariantGroup section */

/* Begin XCBuildConfiguration section */
		A39CBC2E2257E875004C6A95 /* Debug */ = {
			isa = XCBuildConfiguration;
			buildSettings = {
				ALWAYS_SEARCH_USER_PATHS = NO;
				CLANG_ANALYZER_LOCALIZABILITY_NONLOCALIZED = YES;
				CLANG_ANALYZER_NONNULL = YES;
				CLANG_ANALYZER_NUMBER_OBJECT_CONVERSION = YES_AGGRESSIVE;
				CLANG_CXX_LANGUAGE_STANDARD = "gnu++14";
				CLANG_CXX_LIBRARY = "libc++";
				CLANG_ENABLE_MODULES = YES;
				CLANG_ENABLE_OBJC_ARC = YES;
				CLANG_ENABLE_OBJC_WEAK = YES;
				CLANG_WARN_BLOCK_CAPTURE_AUTORELEASING = YES;
				CLANG_WARN_BOOL_CONVERSION = YES;
				CLANG_WARN_COMMA = YES;
				CLANG_WARN_CONSTANT_CONVERSION = YES;
				CLANG_WARN_DEPRECATED_OBJC_IMPLEMENTATIONS = YES;
				CLANG_WARN_DIRECT_OBJC_ISA_USAGE = YES_ERROR;
				CLANG_WARN_DOCUMENTATION_COMMENTS = YES;
				CLANG_WARN_EMPTY_BODY = YES;
				CLANG_WARN_ENUM_CONVERSION = YES;
				CLANG_WARN_INFINITE_RECURSION = YES;
				CLANG_WARN_INT_CONVERSION = YES;
				CLANG_WARN_NON_LITERAL_NULL_CONVERSION = YES;
				CLANG_WARN_OBJC_IMPLICIT_RETAIN_SELF = YES;
				CLANG_WARN_OBJC_LITERAL_CONVERSION = YES;
				CLANG_WARN_OBJC_ROOT_CLASS = YES_ERROR;
				CLANG_WARN_RANGE_LOOP_ANALYSIS = YES;
				CLANG_WARN_STRICT_PROTOTYPES = YES;
				CLANG_WARN_SUSPICIOUS_MOVE = YES;
				CLANG_WARN_UNGUARDED_AVAILABILITY = YES_AGGRESSIVE;
				CLANG_WARN_UNREACHABLE_CODE = YES;
				CLANG_WARN__DUPLICATE_METHOD_MATCH = YES;
				CODE_SIGN_IDENTITY = "iPhone Developer";
				COPY_PHASE_STRIP = NO;
				DEBUG_INFORMATION_FORMAT = dwarf;
				ENABLE_STRICT_OBJC_MSGSEND = YES;
				ENABLE_TESTABILITY = YES;
				GCC_C_LANGUAGE_STANDARD = gnu11;
				GCC_DYNAMIC_NO_PIC = NO;
				GCC_NO_COMMON_BLOCKS = YES;
				GCC_OPTIMIZATION_LEVEL = 0;
				GCC_PREPROCESSOR_DEFINITIONS = (
					"DEBUG=1",
					"$(inherited)",
				);
				GCC_WARN_64_TO_32_BIT_CONVERSION = YES;
				GCC_WARN_ABOUT_RETURN_TYPE = YES_ERROR;
				GCC_WARN_UNDECLARED_SELECTOR = YES;
				GCC_WARN_UNINITIALIZED_AUTOS = YES_AGGRESSIVE;
				GCC_WARN_UNUSED_FUNCTION = YES;
				GCC_WARN_UNUSED_VARIABLE = YES;
				IPHONEOS_DEPLOYMENT_TARGET = 12.1;
				MTL_ENABLE_DEBUG_INFO = INCLUDE_SOURCE;
				MTL_FAST_MATH = YES;
				ONLY_ACTIVE_ARCH = YES;
				SDKROOT = iphoneos;
				SWIFT_ACTIVE_COMPILATION_CONDITIONS = DEBUG;
				SWIFT_OPTIMIZATION_LEVEL = "-Onone";
			};
			name = Debug;
		};
		A39CBC2F2257E875004C6A95 /* Release */ = {
			isa = XCBuildConfiguration;
			buildSettings = {
				ALWAYS_SEARCH_USER_PATHS = NO;
				CLANG_ANALYZER_LOCALIZABILITY_NONLOCALIZED = YES;
				CLANG_ANALYZER_NONNULL = YES;
				CLANG_ANALYZER_NUMBER_OBJECT_CONVERSION = YES_AGGRESSIVE;
				CLANG_CXX_LANGUAGE_STANDARD = "gnu++14";
				CLANG_CXX_LIBRARY = "libc++";
				CLANG_ENABLE_MODULES = YES;
				CLANG_ENABLE_OBJC_ARC = YES;
				CLANG_ENABLE_OBJC_WEAK = YES;
				CLANG_WARN_BLOCK_CAPTURE_AUTORELEASING = YES;
				CLANG_WARN_BOOL_CONVERSION = YES;
				CLANG_WARN_COMMA = YES;
				CLANG_WARN_CONSTANT_CONVERSION = YES;
				CLANG_WARN_DEPRECATED_OBJC_IMPLEMENTATIONS = YES;
				CLANG_WARN_DIRECT_OBJC_ISA_USAGE = YES_ERROR;
				CLANG_WARN_DOCUMENTATION_COMMENTS = YES;
				CLANG_WARN_EMPTY_BODY = YES;
				CLANG_WARN_ENUM_CONVERSION = YES;
				CLANG_WARN_INFINITE_RECURSION = YES;
				CLANG_WARN_INT_CONVERSION = YES;
				CLANG_WARN_NON_LITERAL_NULL_CONVERSION = YES;
				CLANG_WARN_OBJC_IMPLICIT_RETAIN_SELF = YES;
				CLANG_WARN_OBJC_LITERAL_CONVERSION = YES;
				CLANG_WARN_OBJC_ROOT_CLASS = YES_ERROR;
				CLANG_WARN_RANGE_LOOP_ANALYSIS = YES;
				CLANG_WARN_STRICT_PROTOTYPES = YES;
				CLANG_WARN_SUSPICIOUS_MOVE = YES;
				CLANG_WARN_UNGUARDED_AVAILABILITY = YES_AGGRESSIVE;
				CLANG_WARN_UNREACHABLE_CODE = YES;
				CLANG_WARN__DUPLICATE_METHOD_MATCH = YES;
				CODE_SIGN_IDENTITY = "iPhone Developer";
				COPY_PHASE_STRIP = NO;
				DEBUG_INFORMATION_FORMAT = "dwarf-with-dsym";
				ENABLE_NS_ASSERTIONS = NO;
				ENABLE_STRICT_OBJC_MSGSEND = YES;
				GCC_C_LANGUAGE_STANDARD = gnu11;
				GCC_NO_COMMON_BLOCKS = YES;
				GCC_WARN_64_TO_32_BIT_CONVERSION = YES;
				GCC_WARN_ABOUT_RETURN_TYPE = YES_ERROR;
				GCC_WARN_UNDECLARED_SELECTOR = YES;
				GCC_WARN_UNINITIALIZED_AUTOS = YES_AGGRESSIVE;
				GCC_WARN_UNUSED_FUNCTION = YES;
				GCC_WARN_UNUSED_VARIABLE = YES;
				IPHONEOS_DEPLOYMENT_TARGET = 12.1;
				MTL_ENABLE_DEBUG_INFO = NO;
				MTL_FAST_MATH = YES;
				SDKROOT = iphoneos;
				SWIFT_COMPILATION_MODE = wholemodule;
				SWIFT_OPTIMIZATION_LEVEL = "-O";
				VALIDATE_PRODUCT = YES;
			};
			name = Release;
		};
		A39CBC312257E875004C6A95 /* Debug */ = {
			isa = XCBuildConfiguration;
			baseConfigurationReference = A3941BF03ABAB3689542AC71 /* Pods-it-events-by.debug.xcconfig */;
			buildSettings = {
				ASSETCATALOG_COMPILER_APPICON_NAME = AppIcon;
				CODE_SIGN_STYLE = Automatic;
				DEVELOPMENT_TEAM = 8EF4CLU9HX;
				INFOPLIST_FILE = "it-events-by/Info.plist";
				LD_RUNPATH_SEARCH_PATHS = (
					"$(inherited)",
					"@executable_path/Frameworks",
				);
				PRODUCT_BUNDLE_IDENTIFIER = "at.it-events-by";
				PRODUCT_NAME = "$(TARGET_NAME)";
				SWIFT_VERSION = 5.0;
				TARGETED_DEVICE_FAMILY = "1,2";
			};
			name = Debug;
		};
		A39CBC322257E875004C6A95 /* Release */ = {
			isa = XCBuildConfiguration;
			baseConfigurationReference = D56D701ADA8BDB4069A4BD29 /* Pods-it-events-by.release.xcconfig */;
			buildSettings = {
				ASSETCATALOG_COMPILER_APPICON_NAME = AppIcon;
				CODE_SIGN_STYLE = Automatic;
				DEVELOPMENT_TEAM = 8EF4CLU9HX;
				INFOPLIST_FILE = "it-events-by/Info.plist";
				LD_RUNPATH_SEARCH_PATHS = (
					"$(inherited)",
					"@executable_path/Frameworks",
				);
				PRODUCT_BUNDLE_IDENTIFIER = "at.it-events-by";
				PRODUCT_NAME = "$(TARGET_NAME)";
				SWIFT_VERSION = 5.0;
				TARGETED_DEVICE_FAMILY = "1,2";
			};
			name = Release;
		};
		A39CBC342257E875004C6A95 /* Debug */ = {
			isa = XCBuildConfiguration;
			baseConfigurationReference = DE13FBDE89016F733D118737 /* Pods-it-events-byTests.debug.xcconfig */;
			buildSettings = {
				ALWAYS_EMBED_SWIFT_STANDARD_LIBRARIES = YES;
				BUNDLE_LOADER = "$(TEST_HOST)";
				CLANG_ENABLE_MODULES = YES;
				CODE_SIGN_STYLE = Automatic;
				DEVELOPMENT_TEAM = 8EF4CLU9HX;
				INFOPLIST_FILE = "it-events-byTests/Info.plist";
				LD_RUNPATH_SEARCH_PATHS = (
					"$(inherited)",
					"@executable_path/Frameworks",
					"@loader_path/Frameworks",
				);
				PRODUCT_BUNDLE_IDENTIFIER = "at.it-events-byTests";
				PRODUCT_NAME = "$(TARGET_NAME)";
				SWIFT_OBJC_BRIDGING_HEADER = "";
				SWIFT_OPTIMIZATION_LEVEL = "-Onone";
				SWIFT_VERSION = 4.2;
				TARGETED_DEVICE_FAMILY = "1,2";
				TEST_HOST = "$(BUILT_PRODUCTS_DIR)/it-events-by.app/it-events-by";
			};
			name = Debug;
		};
		A39CBC352257E875004C6A95 /* Release */ = {
			isa = XCBuildConfiguration;
			baseConfigurationReference = ED99F3D536135873E380C4A4 /* Pods-it-events-byTests.release.xcconfig */;
			buildSettings = {
				ALWAYS_EMBED_SWIFT_STANDARD_LIBRARIES = YES;
				BUNDLE_LOADER = "$(TEST_HOST)";
				CLANG_ENABLE_MODULES = YES;
				CODE_SIGN_STYLE = Automatic;
				DEVELOPMENT_TEAM = 8EF4CLU9HX;
				INFOPLIST_FILE = "it-events-byTests/Info.plist";
				LD_RUNPATH_SEARCH_PATHS = (
					"$(inherited)",
					"@executable_path/Frameworks",
					"@loader_path/Frameworks",
				);
				PRODUCT_BUNDLE_IDENTIFIER = "at.it-events-byTests";
				PRODUCT_NAME = "$(TARGET_NAME)";
				SWIFT_OBJC_BRIDGING_HEADER = "";
				SWIFT_VERSION = 4.2;
				TARGETED_DEVICE_FAMILY = "1,2";
				TEST_HOST = "$(BUILT_PRODUCTS_DIR)/it-events-by.app/it-events-by";
			};
			name = Release;
		};
/* End XCBuildConfiguration section */

/* Begin XCConfigurationList section */
		A39CBC0E2257E874004C6A95 /* Build configuration list for PBXProject "it-events-by" */ = {
			isa = XCConfigurationList;
			buildConfigurations = (
				A39CBC2E2257E875004C6A95 /* Debug */,
				A39CBC2F2257E875004C6A95 /* Release */,
			);
			defaultConfigurationIsVisible = 0;
			defaultConfigurationName = Release;
		};
		A39CBC302257E875004C6A95 /* Build configuration list for PBXNativeTarget "it-events-by" */ = {
			isa = XCConfigurationList;
			buildConfigurations = (
				A39CBC312257E875004C6A95 /* Debug */,
				A39CBC322257E875004C6A95 /* Release */,
			);
			defaultConfigurationIsVisible = 0;
			defaultConfigurationName = Release;
		};
		A39CBC332257E875004C6A95 /* Build configuration list for PBXNativeTarget "it-events-byTests" */ = {
			isa = XCConfigurationList;
			buildConfigurations = (
				A39CBC342257E875004C6A95 /* Debug */,
				A39CBC352257E875004C6A95 /* Release */,
			);
			defaultConfigurationIsVisible = 0;
			defaultConfigurationName = Release;
		};
/* End XCConfigurationList section */
	};
	rootObject = A39CBC0B2257E874004C6A95 /* Project object */;
}
